
Microsoft Visual Studio Solution File, Format Version 12.00
# Visual Studio 15
VisualStudioVersion = 15.0.27428.2043
MinimumVisualStudioVersion = 10.0.40219.1
Project("{9A19103F-16F7-4668-BE54-9A1E7A4F7556}") = "MyStore.Services", "MyStore.Services\MyStore.Services.csproj", "{31CE3E29-07ED-444A-B4EA-60E74C2F11F6}"
EndProject
Project("{9A19103F-16F7-4668-BE54-9A1E7A4F7556}") = "MyStore.Models", "MyStore.Models\MyStore.Models.csproj", "{A3A80819-06A0-47B6-A737-424DB0ABAAC8}"
EndProject
Project("{FAE04EC0-301F-11D3-BF4B-00C04F79EFBC}") = "MyStore.EmployeesApp.Android", "MyStore.EmployeesApp\MyStore.EmployeesApp.Android\MyStore.EmployeesApp.Android.csproj", "{0D4D6103-B33E-4B26-87B3-479380A72746}"
EndProject
Project("{FAE04EC0-301F-11D3-BF4B-00C04F79EFBC}") = "MyStore.EmployeesApp.iOS", "MyStore.EmployeesApp\MyStore.EmployeesApp.iOS\MyStore.EmployeesApp.iOS.csproj", "{DABEAD21-F9C1-4CE7-AC65-842BFEC65454}"
EndProject
Project("{FAE04EC0-301F-11D3-BF4B-00C04F79EFBC}") = "MyStore.EmployeesApp.UWP", "MyStore.EmployeesApp\MyStore.EmployeesApp.UWP\MyStore.EmployeesApp.UWP.csproj", "{18B27804-0521-4B0E-9C2F-97E2F2572E2B}"
EndProject
Project("{9A19103F-16F7-4668-BE54-9A1E7A4F7556}") = "MyStore.EmployeesApp", "MyStore.EmployeesApp\MyStore.EmployeesApp\MyStore.EmployeesApp.csproj", "{DC43A712-59D0-4646-92EB-54EC61AAC766}"
EndProject
Project("{FAE04EC0-301F-11D3-BF4B-00C04F79EFBC}") = "MyStore.CustomersApp.Android", "MyStore.CustomersApp\MyStore.CustomersApp.Android\MyStore.CustomersApp.Android.csproj", "{D497BE95-6E0D-4488-A2C6-FDD898584D96}"
EndProject
Project("{FAE04EC0-301F-11D3-BF4B-00C04F79EFBC}") = "MyStore.CustomersApp.iOS", "MyStore.CustomersApp\MyStore.CustomersApp.iOS\MyStore.CustomersApp.iOS.csproj", "{69A3409A-5962-4BCC-B627-51E2AEC3E03C}"
EndProject
Project("{FAE04EC0-301F-11D3-BF4B-00C04F79EFBC}") = "MyStore.CustomersApp.UWP", "MyStore.CustomersApp\MyStore.CustomersApp.UWP\MyStore.CustomersApp.UWP.csproj", "{763FECBA-0FAA-4BD9-AF91-E2C278A4C5B1}"
EndProject
Project("{FAE04EC0-301F-11D3-BF4B-00C04F79EFBC}") = "MyStore.CustomersApp", "MyStore.CustomersApp\MyStore.CustomersApp\MyStore.CustomersApp.csproj", "{1AEE4E6A-5BC5-4DB8-935C-E3CCC9E23F7A}"
EndProject
Global
	GlobalSection(SolutionConfigurationPlatforms) = preSolution
		Ad-Hoc|Any CPU = Ad-Hoc|Any CPU
		Ad-Hoc|ARM = Ad-Hoc|ARM
		Ad-Hoc|iPhone = Ad-Hoc|iPhone
		Ad-Hoc|iPhoneSimulator = Ad-Hoc|iPhoneSimulator
		Ad-Hoc|x64 = Ad-Hoc|x64
		Ad-Hoc|x86 = Ad-Hoc|x86
		AppStore|Any CPU = AppStore|Any CPU
		AppStore|ARM = AppStore|ARM
		AppStore|iPhone = AppStore|iPhone
		AppStore|iPhoneSimulator = AppStore|iPhoneSimulator
		AppStore|x64 = AppStore|x64
		AppStore|x86 = AppStore|x86
		Debug|Any CPU = Debug|Any CPU
		Debug|ARM = Debug|ARM
		Debug|iPhone = Debug|iPhone
		Debug|iPhoneSimulator = Debug|iPhoneSimulator
		Debug|x64 = Debug|x64
		Debug|x86 = Debug|x86
		Release|Any CPU = Release|Any CPU
		Release|ARM = Release|ARM
		Release|iPhone = Release|iPhone
		Release|iPhoneSimulator = Release|iPhoneSimulator
		Release|x64 = Release|x64
		Release|x86 = Release|x86
	EndGlobalSection
	GlobalSection(ProjectConfigurationPlatforms) = postSolution
		{31CE3E29-07ED-444A-B4EA-60E74C2F11F6}.Ad-Hoc|Any CPU.ActiveCfg = Debug|Any CPU
		{31CE3E29-07ED-444A-B4EA-60E74C2F11F6}.Ad-Hoc|Any CPU.Build.0 = Debug|Any CPU
		{31CE3E29-07ED-444A-B4EA-60E74C2F11F6}.Ad-Hoc|ARM.ActiveCfg = Debug|Any CPU
		{31CE3E29-07ED-444A-B4EA-60E74C2F11F6}.Ad-Hoc|ARM.Build.0 = Debug|Any CPU
		{31CE3E29-07ED-444A-B4EA-60E74C2F11F6}.Ad-Hoc|iPhone.ActiveCfg = Debug|Any CPU
		{31CE3E29-07ED-444A-B4EA-60E74C2F11F6}.Ad-Hoc|iPhone.Build.0 = Debug|Any CPU
		{31CE3E29-07ED-444A-B4EA-60E74C2F11F6}.Ad-Hoc|iPhoneSimulator.ActiveCfg = Debug|Any CPU
		{31CE3E29-07ED-444A-B4EA-60E74C2F11F6}.Ad-Hoc|iPhoneSimulator.Build.0 = Debug|Any CPU
		{31CE3E29-07ED-444A-B4EA-60E74C2F11F6}.Ad-Hoc|x64.ActiveCfg = Debug|Any CPU
		{31CE3E29-07ED-444A-B4EA-60E74C2F11F6}.Ad-Hoc|x64.Build.0 = Debug|Any CPU
		{31CE3E29-07ED-444A-B4EA-60E74C2F11F6}.Ad-Hoc|x86.ActiveCfg = Debug|Any CPU
		{31CE3E29-07ED-444A-B4EA-60E74C2F11F6}.Ad-Hoc|x86.Build.0 = Debug|Any CPU
		{31CE3E29-07ED-444A-B4EA-60E74C2F11F6}.AppStore|Any CPU.ActiveCfg = Debug|Any CPU
		{31CE3E29-07ED-444A-B4EA-60E74C2F11F6}.AppStore|Any CPU.Build.0 = Debug|Any CPU
		{31CE3E29-07ED-444A-B4EA-60E74C2F11F6}.AppStore|ARM.ActiveCfg = Debug|Any CPU
		{31CE3E29-07ED-444A-B4EA-60E74C2F11F6}.AppStore|ARM.Build.0 = Debug|Any CPU
		{31CE3E29-07ED-444A-B4EA-60E74C2F11F6}.AppStore|iPhone.ActiveCfg = Debug|Any CPU
		{31CE3E29-07ED-444A-B4EA-60E74C2F11F6}.AppStore|iPhone.Build.0 = Debug|Any CPU
		{31CE3E29-07ED-444A-B4EA-60E74C2F11F6}.AppStore|iPhoneSimulator.ActiveCfg = Debug|Any CPU
		{31CE3E29-07ED-444A-B4EA-60E74C2F11F6}.AppStore|iPhoneSimulator.Build.0 = Debug|Any CPU
		{31CE3E29-07ED-444A-B4EA-60E74C2F11F6}.AppStore|x64.ActiveCfg = Debug|Any CPU
		{31CE3E29-07ED-444A-B4EA-60E74C2F11F6}.AppStore|x64.Build.0 = Debug|Any CPU
		{31CE3E29-07ED-444A-B4EA-60E74C2F11F6}.AppStore|x86.ActiveCfg = Debug|Any CPU
		{31CE3E29-07ED-444A-B4EA-60E74C2F11F6}.AppStore|x86.Build.0 = Debug|Any CPU
		{31CE3E29-07ED-444A-B4EA-60E74C2F11F6}.Debug|Any CPU.ActiveCfg = Debug|Any CPU
		{31CE3E29-07ED-444A-B4EA-60E74C2F11F6}.Debug|Any CPU.Build.0 = Debug|Any CPU
		{31CE3E29-07ED-444A-B4EA-60E74C2F11F6}.Debug|ARM.ActiveCfg = Debug|Any CPU
		{31CE3E29-07ED-444A-B4EA-60E74C2F11F6}.Debug|ARM.Build.0 = Debug|Any CPU
		{31CE3E29-07ED-444A-B4EA-60E74C2F11F6}.Debug|iPhone.ActiveCfg = Debug|Any CPU
		{31CE3E29-07ED-444A-B4EA-60E74C2F11F6}.Debug|iPhone.Build.0 = Debug|Any CPU
		{31CE3E29-07ED-444A-B4EA-60E74C2F11F6}.Debug|iPhoneSimulator.ActiveCfg = Debug|Any CPU
		{31CE3E29-07ED-444A-B4EA-60E74C2F11F6}.Debug|iPhoneSimulator.Build.0 = Debug|Any CPU
		{31CE3E29-07ED-444A-B4EA-60E74C2F11F6}.Debug|x64.ActiveCfg = Debug|Any CPU
		{31CE3E29-07ED-444A-B4EA-60E74C2F11F6}.Debug|x64.Build.0 = Debug|Any CPU
		{31CE3E29-07ED-444A-B4EA-60E74C2F11F6}.Debug|x86.ActiveCfg = Debug|Any CPU
		{31CE3E29-07ED-444A-B4EA-60E74C2F11F6}.Debug|x86.Build.0 = Debug|Any CPU
		{31CE3E29-07ED-444A-B4EA-60E74C2F11F6}.Release|Any CPU.ActiveCfg = Release|Any CPU
		{31CE3E29-07ED-444A-B4EA-60E74C2F11F6}.Release|Any CPU.Build.0 = Release|Any CPU
		{31CE3E29-07ED-444A-B4EA-60E74C2F11F6}.Release|ARM.ActiveCfg = Release|Any CPU
		{31CE3E29-07ED-444A-B4EA-60E74C2F11F6}.Release|ARM.Build.0 = Release|Any CPU
		{31CE3E29-07ED-444A-B4EA-60E74C2F11F6}.Release|iPhone.ActiveCfg = Release|Any CPU
		{31CE3E29-07ED-444A-B4EA-60E74C2F11F6}.Release|iPhone.Build.0 = Release|Any CPU
		{31CE3E29-07ED-444A-B4EA-60E74C2F11F6}.Release|iPhoneSimulator.ActiveCfg = Release|Any CPU
		{31CE3E29-07ED-444A-B4EA-60E74C2F11F6}.Release|iPhoneSimulator.Build.0 = Release|Any CPU
		{31CE3E29-07ED-444A-B4EA-60E74C2F11F6}.Release|x64.ActiveCfg = Release|Any CPU
		{31CE3E29-07ED-444A-B4EA-60E74C2F11F6}.Release|x64.Build.0 = Release|Any CPU
		{31CE3E29-07ED-444A-B4EA-60E74C2F11F6}.Release|x86.ActiveCfg = Release|Any CPU
		{31CE3E29-07ED-444A-B4EA-60E74C2F11F6}.Release|x86.Build.0 = Release|Any CPU
		{A3A80819-06A0-47B6-A737-424DB0ABAAC8}.Ad-Hoc|Any CPU.ActiveCfg = Debug|Any CPU
		{A3A80819-06A0-47B6-A737-424DB0ABAAC8}.Ad-Hoc|Any CPU.Build.0 = Debug|Any CPU
		{A3A80819-06A0-47B6-A737-424DB0ABAAC8}.Ad-Hoc|ARM.ActiveCfg = Debug|Any CPU
		{A3A80819-06A0-47B6-A737-424DB0ABAAC8}.Ad-Hoc|ARM.Build.0 = Debug|Any CPU
		{A3A80819-06A0-47B6-A737-424DB0ABAAC8}.Ad-Hoc|iPhone.ActiveCfg = Debug|Any CPU
		{A3A80819-06A0-47B6-A737-424DB0ABAAC8}.Ad-Hoc|iPhone.Build.0 = Debug|Any CPU
		{A3A80819-06A0-47B6-A737-424DB0ABAAC8}.Ad-Hoc|iPhoneSimulator.ActiveCfg = Debug|Any CPU
		{A3A80819-06A0-47B6-A737-424DB0ABAAC8}.Ad-Hoc|iPhoneSimulator.Build.0 = Debug|Any CPU
		{A3A80819-06A0-47B6-A737-424DB0ABAAC8}.Ad-Hoc|x64.ActiveCfg = Debug|Any CPU
		{A3A80819-06A0-47B6-A737-424DB0ABAAC8}.Ad-Hoc|x64.Build.0 = Debug|Any CPU
		{A3A80819-06A0-47B6-A737-424DB0ABAAC8}.Ad-Hoc|x86.ActiveCfg = Debug|Any CPU
		{A3A80819-06A0-47B6-A737-424DB0ABAAC8}.Ad-Hoc|x86.Build.0 = Debug|Any CPU
		{A3A80819-06A0-47B6-A737-424DB0ABAAC8}.AppStore|Any CPU.ActiveCfg = Debug|Any CPU
		{A3A80819-06A0-47B6-A737-424DB0ABAAC8}.AppStore|Any CPU.Build.0 = Debug|Any CPU
		{A3A80819-06A0-47B6-A737-424DB0ABAAC8}.AppStore|ARM.ActiveCfg = Debug|Any CPU
		{A3A80819-06A0-47B6-A737-424DB0ABAAC8}.AppStore|ARM.Build.0 = Debug|Any CPU
		{A3A80819-06A0-47B6-A737-424DB0ABAAC8}.AppStore|iPhone.ActiveCfg = Debug|Any CPU
		{A3A80819-06A0-47B6-A737-424DB0ABAAC8}.AppStore|iPhone.Build.0 = Debug|Any CPU
		{A3A80819-06A0-47B6-A737-424DB0ABAAC8}.AppStore|iPhoneSimulator.ActiveCfg = Debug|Any CPU
		{A3A80819-06A0-47B6-A737-424DB0ABAAC8}.AppStore|iPhoneSimulator.Build.0 = Debug|Any CPU
		{A3A80819-06A0-47B6-A737-424DB0ABAAC8}.AppStore|x64.ActiveCfg = Debug|Any CPU
		{A3A80819-06A0-47B6-A737-424DB0ABAAC8}.AppStore|x64.Build.0 = Debug|Any CPU
		{A3A80819-06A0-47B6-A737-424DB0ABAAC8}.AppStore|x86.ActiveCfg = Debug|Any CPU
		{A3A80819-06A0-47B6-A737-424DB0ABAAC8}.AppStore|x86.Build.0 = Debug|Any CPU
		{A3A80819-06A0-47B6-A737-424DB0ABAAC8}.Debug|Any CPU.ActiveCfg = Debug|Any CPU
		{A3A80819-06A0-47B6-A737-424DB0ABAAC8}.Debug|Any CPU.Build.0 = Debug|Any CPU
		{A3A80819-06A0-47B6-A737-424DB0ABAAC8}.Debug|ARM.ActiveCfg = Debug|Any CPU
		{A3A80819-06A0-47B6-A737-424DB0ABAAC8}.Debug|ARM.Build.0 = Debug|Any CPU
		{A3A80819-06A0-47B6-A737-424DB0ABAAC8}.Debug|iPhone.ActiveCfg = Debug|Any CPU
		{A3A80819-06A0-47B6-A737-424DB0ABAAC8}.Debug|iPhone.Build.0 = Debug|Any CPU
		{A3A80819-06A0-47B6-A737-424DB0ABAAC8}.Debug|iPhoneSimulator.ActiveCfg = Debug|Any CPU
		{A3A80819-06A0-47B6-A737-424DB0ABAAC8}.Debug|iPhoneSimulator.Build.0 = Debug|Any CPU
		{A3A80819-06A0-47B6-A737-424DB0ABAAC8}.Debug|x64.ActiveCfg = Debug|Any CPU
		{A3A80819-06A0-47B6-A737-424DB0ABAAC8}.Debug|x64.Build.0 = Debug|Any CPU
		{A3A80819-06A0-47B6-A737-424DB0ABAAC8}.Debug|x86.ActiveCfg = Debug|Any CPU
		{A3A80819-06A0-47B6-A737-424DB0ABAAC8}.Debug|x86.Build.0 = Debug|Any CPU
		{A3A80819-06A0-47B6-A737-424DB0ABAAC8}.Release|Any CPU.ActiveCfg = Release|Any CPU
		{A3A80819-06A0-47B6-A737-424DB0ABAAC8}.Release|Any CPU.Build.0 = Release|Any CPU
		{A3A80819-06A0-47B6-A737-424DB0ABAAC8}.Release|ARM.ActiveCfg = Release|Any CPU
		{A3A80819-06A0-47B6-A737-424DB0ABAAC8}.Release|ARM.Build.0 = Release|Any CPU
		{A3A80819-06A0-47B6-A737-424DB0ABAAC8}.Release|iPhone.ActiveCfg = Release|Any CPU
		{A3A80819-06A0-47B6-A737-424DB0ABAAC8}.Release|iPhone.Build.0 = Release|Any CPU
		{A3A80819-06A0-47B6-A737-424DB0ABAAC8}.Release|iPhoneSimulator.ActiveCfg = Release|Any CPU
		{A3A80819-06A0-47B6-A737-424DB0ABAAC8}.Release|iPhoneSimulator.Build.0 = Release|Any CPU
		{A3A80819-06A0-47B6-A737-424DB0ABAAC8}.Release|x64.ActiveCfg = Release|Any CPU
		{A3A80819-06A0-47B6-A737-424DB0ABAAC8}.Release|x64.Build.0 = Release|Any CPU
		{A3A80819-06A0-47B6-A737-424DB0ABAAC8}.Release|x86.ActiveCfg = Release|Any CPU
		{A3A80819-06A0-47B6-A737-424DB0ABAAC8}.Release|x86.Build.0 = Release|Any CPU
		{0D4D6103-B33E-4B26-87B3-479380A72746}.Ad-Hoc|Any CPU.ActiveCfg = Release|Any CPU
		{0D4D6103-B33E-4B26-87B3-479380A72746}.Ad-Hoc|Any CPU.Build.0 = Release|Any CPU
		{0D4D6103-B33E-4B26-87B3-479380A72746}.Ad-Hoc|Any CPU.Deploy.0 = Release|Any CPU
		{0D4D6103-B33E-4B26-87B3-479380A72746}.Ad-Hoc|ARM.ActiveCfg = Release|Any CPU
		{0D4D6103-B33E-4B26-87B3-479380A72746}.Ad-Hoc|ARM.Build.0 = Release|Any CPU
		{0D4D6103-B33E-4B26-87B3-479380A72746}.Ad-Hoc|ARM.Deploy.0 = Release|Any CPU
		{0D4D6103-B33E-4B26-87B3-479380A72746}.Ad-Hoc|iPhone.ActiveCfg = Release|Any CPU
		{0D4D6103-B33E-4B26-87B3-479380A72746}.Ad-Hoc|iPhone.Build.0 = Release|Any CPU
		{0D4D6103-B33E-4B26-87B3-479380A72746}.Ad-Hoc|iPhone.Deploy.0 = Release|Any CPU
		{0D4D6103-B33E-4B26-87B3-479380A72746}.Ad-Hoc|iPhoneSimulator.ActiveCfg = Release|Any CPU
		{0D4D6103-B33E-4B26-87B3-479380A72746}.Ad-Hoc|iPhoneSimulator.Build.0 = Release|Any CPU
		{0D4D6103-B33E-4B26-87B3-479380A72746}.Ad-Hoc|iPhoneSimulator.Deploy.0 = Release|Any CPU
		{0D4D6103-B33E-4B26-87B3-479380A72746}.Ad-Hoc|x64.ActiveCfg = Release|Any CPU
		{0D4D6103-B33E-4B26-87B3-479380A72746}.Ad-Hoc|x64.Build.0 = Release|Any CPU
		{0D4D6103-B33E-4B26-87B3-479380A72746}.Ad-Hoc|x64.Deploy.0 = Release|Any CPU
		{0D4D6103-B33E-4B26-87B3-479380A72746}.Ad-Hoc|x86.ActiveCfg = Release|Any CPU
		{0D4D6103-B33E-4B26-87B3-479380A72746}.Ad-Hoc|x86.Build.0 = Release|Any CPU
		{0D4D6103-B33E-4B26-87B3-479380A72746}.Ad-Hoc|x86.Deploy.0 = Release|Any CPU
		{0D4D6103-B33E-4B26-87B3-479380A72746}.AppStore|Any CPU.ActiveCfg = Release|Any CPU
		{0D4D6103-B33E-4B26-87B3-479380A72746}.AppStore|Any CPU.Build.0 = Release|Any CPU
		{0D4D6103-B33E-4B26-87B3-479380A72746}.AppStore|Any CPU.Deploy.0 = Release|Any CPU
		{0D4D6103-B33E-4B26-87B3-479380A72746}.AppStore|ARM.ActiveCfg = Release|Any CPU
		{0D4D6103-B33E-4B26-87B3-479380A72746}.AppStore|ARM.Build.0 = Release|Any CPU
		{0D4D6103-B33E-4B26-87B3-479380A72746}.AppStore|ARM.Deploy.0 = Release|Any CPU
		{0D4D6103-B33E-4B26-87B3-479380A72746}.AppStore|iPhone.ActiveCfg = Release|Any CPU
		{0D4D6103-B33E-4B26-87B3-479380A72746}.AppStore|iPhone.Build.0 = Release|Any CPU
		{0D4D6103-B33E-4B26-87B3-479380A72746}.AppStore|iPhone.Deploy.0 = Release|Any CPU
		{0D4D6103-B33E-4B26-87B3-479380A72746}.AppStore|iPhoneSimulator.ActiveCfg = Release|Any CPU
		{0D4D6103-B33E-4B26-87B3-479380A72746}.AppStore|iPhoneSimulator.Build.0 = Release|Any CPU
		{0D4D6103-B33E-4B26-87B3-479380A72746}.AppStore|iPhoneSimulator.Deploy.0 = Release|Any CPU
		{0D4D6103-B33E-4B26-87B3-479380A72746}.AppStore|x64.ActiveCfg = Release|Any CPU
		{0D4D6103-B33E-4B26-87B3-479380A72746}.AppStore|x64.Build.0 = Release|Any CPU
		{0D4D6103-B33E-4B26-87B3-479380A72746}.AppStore|x64.Deploy.0 = Release|Any CPU
		{0D4D6103-B33E-4B26-87B3-479380A72746}.AppStore|x86.ActiveCfg = Release|Any CPU
		{0D4D6103-B33E-4B26-87B3-479380A72746}.AppStore|x86.Build.0 = Release|Any CPU
		{0D4D6103-B33E-4B26-87B3-479380A72746}.AppStore|x86.Deploy.0 = Release|Any CPU
		{0D4D6103-B33E-4B26-87B3-479380A72746}.Debug|Any CPU.ActiveCfg = Debug|Any CPU
		{0D4D6103-B33E-4B26-87B3-479380A72746}.Debug|Any CPU.Build.0 = Debug|Any CPU
		{0D4D6103-B33E-4B26-87B3-479380A72746}.Debug|Any CPU.Deploy.0 = Debug|Any CPU
		{0D4D6103-B33E-4B26-87B3-479380A72746}.Debug|ARM.ActiveCfg = Debug|Any CPU
		{0D4D6103-B33E-4B26-87B3-479380A72746}.Debug|ARM.Build.0 = Debug|Any CPU
		{0D4D6103-B33E-4B26-87B3-479380A72746}.Debug|ARM.Deploy.0 = Debug|Any CPU
		{0D4D6103-B33E-4B26-87B3-479380A72746}.Debug|iPhone.ActiveCfg = Debug|Any CPU
		{0D4D6103-B33E-4B26-87B3-479380A72746}.Debug|iPhone.Build.0 = Debug|Any CPU
		{0D4D6103-B33E-4B26-87B3-479380A72746}.Debug|iPhone.Deploy.0 = Debug|Any CPU
		{0D4D6103-B33E-4B26-87B3-479380A72746}.Debug|iPhoneSimulator.ActiveCfg = Debug|Any CPU
		{0D4D6103-B33E-4B26-87B3-479380A72746}.Debug|iPhoneSimulator.Build.0 = Debug|Any CPU
		{0D4D6103-B33E-4B26-87B3-479380A72746}.Debug|iPhoneSimulator.Deploy.0 = Debug|Any CPU
		{0D4D6103-B33E-4B26-87B3-479380A72746}.Debug|x64.ActiveCfg = Debug|Any CPU
		{0D4D6103-B33E-4B26-87B3-479380A72746}.Debug|x64.Build.0 = Debug|Any CPU
		{0D4D6103-B33E-4B26-87B3-479380A72746}.Debug|x64.Deploy.0 = Debug|Any CPU
		{0D4D6103-B33E-4B26-87B3-479380A72746}.Debug|x86.ActiveCfg = Debug|Any CPU
		{0D4D6103-B33E-4B26-87B3-479380A72746}.Debug|x86.Build.0 = Debug|Any CPU
		{0D4D6103-B33E-4B26-87B3-479380A72746}.Debug|x86.Deploy.0 = Debug|Any CPU
		{0D4D6103-B33E-4B26-87B3-479380A72746}.Release|Any CPU.ActiveCfg = Release|Any CPU
		{0D4D6103-B33E-4B26-87B3-479380A72746}.Release|Any CPU.Build.0 = Release|Any CPU
		{0D4D6103-B33E-4B26-87B3-479380A72746}.Release|Any CPU.Deploy.0 = Release|Any CPU
		{0D4D6103-B33E-4B26-87B3-479380A72746}.Release|ARM.ActiveCfg = Release|Any CPU
		{0D4D6103-B33E-4B26-87B3-479380A72746}.Release|ARM.Build.0 = Release|Any CPU
		{0D4D6103-B33E-4B26-87B3-479380A72746}.Release|ARM.Deploy.0 = Release|Any CPU
		{0D4D6103-B33E-4B26-87B3-479380A72746}.Release|iPhone.ActiveCfg = Release|Any CPU
		{0D4D6103-B33E-4B26-87B3-479380A72746}.Release|iPhone.Build.0 = Release|Any CPU
		{0D4D6103-B33E-4B26-87B3-479380A72746}.Release|iPhone.Deploy.0 = Release|Any CPU
		{0D4D6103-B33E-4B26-87B3-479380A72746}.Release|iPhoneSimulator.ActiveCfg = Release|Any CPU
		{0D4D6103-B33E-4B26-87B3-479380A72746}.Release|iPhoneSimulator.Build.0 = Release|Any CPU
		{0D4D6103-B33E-4B26-87B3-479380A72746}.Release|iPhoneSimulator.Deploy.0 = Release|Any CPU
		{0D4D6103-B33E-4B26-87B3-479380A72746}.Release|x64.ActiveCfg = Release|Any CPU
		{0D4D6103-B33E-4B26-87B3-479380A72746}.Release|x64.Build.0 = Release|Any CPU
		{0D4D6103-B33E-4B26-87B3-479380A72746}.Release|x64.Deploy.0 = Release|Any CPU
		{0D4D6103-B33E-4B26-87B3-479380A72746}.Release|x86.ActiveCfg = Release|Any CPU
		{0D4D6103-B33E-4B26-87B3-479380A72746}.Release|x86.Build.0 = Release|Any CPU
		{0D4D6103-B33E-4B26-87B3-479380A72746}.Release|x86.Deploy.0 = Release|Any CPU
		{DABEAD21-F9C1-4CE7-AC65-842BFEC65454}.Ad-Hoc|Any CPU.ActiveCfg = Ad-Hoc|iPhone
		{DABEAD21-F9C1-4CE7-AC65-842BFEC65454}.Ad-Hoc|ARM.ActiveCfg = Ad-Hoc|iPhone
		{DABEAD21-F9C1-4CE7-AC65-842BFEC65454}.Ad-Hoc|iPhone.ActiveCfg = Ad-Hoc|iPhone
		{DABEAD21-F9C1-4CE7-AC65-842BFEC65454}.Ad-Hoc|iPhone.Build.0 = Ad-Hoc|iPhone
		{DABEAD21-F9C1-4CE7-AC65-842BFEC65454}.Ad-Hoc|iPhoneSimulator.ActiveCfg = Ad-Hoc|iPhoneSimulator
		{DABEAD21-F9C1-4CE7-AC65-842BFEC65454}.Ad-Hoc|iPhoneSimulator.Build.0 = Ad-Hoc|iPhoneSimulator
		{DABEAD21-F9C1-4CE7-AC65-842BFEC65454}.Ad-Hoc|x64.ActiveCfg = Ad-Hoc|iPhone
		{DABEAD21-F9C1-4CE7-AC65-842BFEC65454}.Ad-Hoc|x86.ActiveCfg = Ad-Hoc|iPhone
		{DABEAD21-F9C1-4CE7-AC65-842BFEC65454}.AppStore|Any CPU.ActiveCfg = AppStore|iPhone
		{DABEAD21-F9C1-4CE7-AC65-842BFEC65454}.AppStore|ARM.ActiveCfg = AppStore|iPhone
		{DABEAD21-F9C1-4CE7-AC65-842BFEC65454}.AppStore|iPhone.ActiveCfg = AppStore|iPhone
		{DABEAD21-F9C1-4CE7-AC65-842BFEC65454}.AppStore|iPhone.Build.0 = AppStore|iPhone
		{DABEAD21-F9C1-4CE7-AC65-842BFEC65454}.AppStore|iPhoneSimulator.ActiveCfg = AppStore|iPhoneSimulator
		{DABEAD21-F9C1-4CE7-AC65-842BFEC65454}.AppStore|iPhoneSimulator.Build.0 = AppStore|iPhoneSimulator
		{DABEAD21-F9C1-4CE7-AC65-842BFEC65454}.AppStore|x64.ActiveCfg = AppStore|iPhone
		{DABEAD21-F9C1-4CE7-AC65-842BFEC65454}.AppStore|x86.ActiveCfg = AppStore|iPhone
		{DABEAD21-F9C1-4CE7-AC65-842BFEC65454}.Debug|Any CPU.ActiveCfg = Debug|iPhone
		{DABEAD21-F9C1-4CE7-AC65-842BFEC65454}.Debug|ARM.ActiveCfg = Debug|iPhone
		{DABEAD21-F9C1-4CE7-AC65-842BFEC65454}.Debug|iPhone.ActiveCfg = Debug|iPhone
		{DABEAD21-F9C1-4CE7-AC65-842BFEC65454}.Debug|iPhone.Build.0 = Debug|iPhone
		{DABEAD21-F9C1-4CE7-AC65-842BFEC65454}.Debug|iPhoneSimulator.ActiveCfg = Debug|iPhoneSimulator
		{DABEAD21-F9C1-4CE7-AC65-842BFEC65454}.Debug|iPhoneSimulator.Build.0 = Debug|iPhoneSimulator
		{DABEAD21-F9C1-4CE7-AC65-842BFEC65454}.Debug|x64.ActiveCfg = Debug|iPhone
		{DABEAD21-F9C1-4CE7-AC65-842BFEC65454}.Debug|x86.ActiveCfg = Debug|iPhone
		{DABEAD21-F9C1-4CE7-AC65-842BFEC65454}.Release|Any CPU.ActiveCfg = Release|iPhone
		{DABEAD21-F9C1-4CE7-AC65-842BFEC65454}.Release|ARM.ActiveCfg = Release|iPhone
		{DABEAD21-F9C1-4CE7-AC65-842BFEC65454}.Release|iPhone.ActiveCfg = Release|iPhone
		{DABEAD21-F9C1-4CE7-AC65-842BFEC65454}.Release|iPhone.Build.0 = Release|iPhone
		{DABEAD21-F9C1-4CE7-AC65-842BFEC65454}.Release|iPhoneSimulator.ActiveCfg = Release|iPhoneSimulator
		{DABEAD21-F9C1-4CE7-AC65-842BFEC65454}.Release|iPhoneSimulator.Build.0 = Release|iPhoneSimulator
		{DABEAD21-F9C1-4CE7-AC65-842BFEC65454}.Release|x64.ActiveCfg = Release|iPhone
		{DABEAD21-F9C1-4CE7-AC65-842BFEC65454}.Release|x86.ActiveCfg = Release|iPhone
		{18B27804-0521-4B0E-9C2F-97E2F2572E2B}.Ad-Hoc|Any CPU.ActiveCfg = Release|x86
		{18B27804-0521-4B0E-9C2F-97E2F2572E2B}.Ad-Hoc|Any CPU.Build.0 = Release|x86
		{18B27804-0521-4B0E-9C2F-97E2F2572E2B}.Ad-Hoc|Any CPU.Deploy.0 = Release|x86
		{18B27804-0521-4B0E-9C2F-97E2F2572E2B}.Ad-Hoc|ARM.ActiveCfg = Release|ARM
		{18B27804-0521-4B0E-9C2F-97E2F2572E2B}.Ad-Hoc|ARM.Build.0 = Release|ARM
		{18B27804-0521-4B0E-9C2F-97E2F2572E2B}.Ad-Hoc|ARM.Deploy.0 = Release|ARM
		{18B27804-0521-4B0E-9C2F-97E2F2572E2B}.Ad-Hoc|iPhone.ActiveCfg = Release|x86
		{18B27804-0521-4B0E-9C2F-97E2F2572E2B}.Ad-Hoc|iPhone.Build.0 = Release|x86
		{18B27804-0521-4B0E-9C2F-97E2F2572E2B}.Ad-Hoc|iPhone.Deploy.0 = Release|x86
		{18B27804-0521-4B0E-9C2F-97E2F2572E2B}.Ad-Hoc|iPhoneSimulator.ActiveCfg = Release|x86
		{18B27804-0521-4B0E-9C2F-97E2F2572E2B}.Ad-Hoc|iPhoneSimulator.Build.0 = Release|x86
		{18B27804-0521-4B0E-9C2F-97E2F2572E2B}.Ad-Hoc|iPhoneSimulator.Deploy.0 = Release|x86
		{18B27804-0521-4B0E-9C2F-97E2F2572E2B}.Ad-Hoc|x64.ActiveCfg = Release|x64
		{18B27804-0521-4B0E-9C2F-97E2F2572E2B}.Ad-Hoc|x64.Build.0 = Release|x64
		{18B27804-0521-4B0E-9C2F-97E2F2572E2B}.Ad-Hoc|x64.Deploy.0 = Release|x64
		{18B27804-0521-4B0E-9C2F-97E2F2572E2B}.Ad-Hoc|x86.ActiveCfg = Release|x86
		{18B27804-0521-4B0E-9C2F-97E2F2572E2B}.Ad-Hoc|x86.Build.0 = Release|x86
		{18B27804-0521-4B0E-9C2F-97E2F2572E2B}.Ad-Hoc|x86.Deploy.0 = Release|x86
		{18B27804-0521-4B0E-9C2F-97E2F2572E2B}.AppStore|Any CPU.ActiveCfg = Release|x86
		{18B27804-0521-4B0E-9C2F-97E2F2572E2B}.AppStore|Any CPU.Build.0 = Release|x86
		{18B27804-0521-4B0E-9C2F-97E2F2572E2B}.AppStore|Any CPU.Deploy.0 = Release|x86
		{18B27804-0521-4B0E-9C2F-97E2F2572E2B}.AppStore|ARM.ActiveCfg = Release|ARM
		{18B27804-0521-4B0E-9C2F-97E2F2572E2B}.AppStore|ARM.Build.0 = Release|ARM
		{18B27804-0521-4B0E-9C2F-97E2F2572E2B}.AppStore|ARM.Deploy.0 = Release|ARM
		{18B27804-0521-4B0E-9C2F-97E2F2572E2B}.AppStore|iPhone.ActiveCfg = Release|x86
		{18B27804-0521-4B0E-9C2F-97E2F2572E2B}.AppStore|iPhone.Build.0 = Release|x86
		{18B27804-0521-4B0E-9C2F-97E2F2572E2B}.AppStore|iPhone.Deploy.0 = Release|x86
		{18B27804-0521-4B0E-9C2F-97E2F2572E2B}.AppStore|iPhoneSimulator.ActiveCfg = Release|x86
		{18B27804-0521-4B0E-9C2F-97E2F2572E2B}.AppStore|iPhoneSimulator.Build.0 = Release|x86
		{18B27804-0521-4B0E-9C2F-97E2F2572E2B}.AppStore|iPhoneSimulator.Deploy.0 = Release|x86
		{18B27804-0521-4B0E-9C2F-97E2F2572E2B}.AppStore|x64.ActiveCfg = Release|x64
		{18B27804-0521-4B0E-9C2F-97E2F2572E2B}.AppStore|x64.Build.0 = Release|x64
		{18B27804-0521-4B0E-9C2F-97E2F2572E2B}.AppStore|x64.Deploy.0 = Release|x64
		{18B27804-0521-4B0E-9C2F-97E2F2572E2B}.AppStore|x86.ActiveCfg = Release|x86
		{18B27804-0521-4B0E-9C2F-97E2F2572E2B}.AppStore|x86.Build.0 = Release|x86
		{18B27804-0521-4B0E-9C2F-97E2F2572E2B}.AppStore|x86.Deploy.0 = Release|x86
		{18B27804-0521-4B0E-9C2F-97E2F2572E2B}.Debug|Any CPU.ActiveCfg = Debug|x86
		{18B27804-0521-4B0E-9C2F-97E2F2572E2B}.Debug|Any CPU.Deploy.0 = Debug|x86
		{18B27804-0521-4B0E-9C2F-97E2F2572E2B}.Debug|ARM.ActiveCfg = Debug|ARM
		{18B27804-0521-4B0E-9C2F-97E2F2572E2B}.Debug|ARM.Build.0 = Debug|ARM
		{18B27804-0521-4B0E-9C2F-97E2F2572E2B}.Debug|ARM.Deploy.0 = Debug|ARM
		{18B27804-0521-4B0E-9C2F-97E2F2572E2B}.Debug|iPhone.ActiveCfg = Debug|x86
		{18B27804-0521-4B0E-9C2F-97E2F2572E2B}.Debug|iPhoneSimulator.ActiveCfg = Debug|x86
		{18B27804-0521-4B0E-9C2F-97E2F2572E2B}.Debug|x64.ActiveCfg = Debug|x64
		{18B27804-0521-4B0E-9C2F-97E2F2572E2B}.Debug|x64.Build.0 = Debug|x64
		{18B27804-0521-4B0E-9C2F-97E2F2572E2B}.Debug|x64.Deploy.0 = Debug|x64
		{18B27804-0521-4B0E-9C2F-97E2F2572E2B}.Debug|x86.ActiveCfg = Debug|x86
		{18B27804-0521-4B0E-9C2F-97E2F2572E2B}.Debug|x86.Build.0 = Debug|x86
		{18B27804-0521-4B0E-9C2F-97E2F2572E2B}.Debug|x86.Deploy.0 = Debug|x86
		{18B27804-0521-4B0E-9C2F-97E2F2572E2B}.Release|Any CPU.ActiveCfg = Release|x86
		{18B27804-0521-4B0E-9C2F-97E2F2572E2B}.Release|ARM.ActiveCfg = Release|ARM
		{18B27804-0521-4B0E-9C2F-97E2F2572E2B}.Release|ARM.Build.0 = Release|ARM
		{18B27804-0521-4B0E-9C2F-97E2F2572E2B}.Release|ARM.Deploy.0 = Release|ARM
		{18B27804-0521-4B0E-9C2F-97E2F2572E2B}.Release|iPhone.ActiveCfg = Release|x86
		{18B27804-0521-4B0E-9C2F-97E2F2572E2B}.Release|iPhoneSimulator.ActiveCfg = Release|x86
		{18B27804-0521-4B0E-9C2F-97E2F2572E2B}.Release|x64.ActiveCfg = Release|x64
		{18B27804-0521-4B0E-9C2F-97E2F2572E2B}.Release|x64.Build.0 = Release|x64
		{18B27804-0521-4B0E-9C2F-97E2F2572E2B}.Release|x64.Deploy.0 = Release|x64
		{18B27804-0521-4B0E-9C2F-97E2F2572E2B}.Release|x86.ActiveCfg = Release|x86
		{18B27804-0521-4B0E-9C2F-97E2F2572E2B}.Release|x86.Build.0 = Release|x86
		{18B27804-0521-4B0E-9C2F-97E2F2572E2B}.Release|x86.Deploy.0 = Release|x86
		{DC43A712-59D0-4646-92EB-54EC61AAC766}.Ad-Hoc|Any CPU.ActiveCfg = Debug|Any CPU
		{DC43A712-59D0-4646-92EB-54EC61AAC766}.Ad-Hoc|Any CPU.Build.0 = Debug|Any CPU
		{DC43A712-59D0-4646-92EB-54EC61AAC766}.Ad-Hoc|ARM.ActiveCfg = Debug|Any CPU
		{DC43A712-59D0-4646-92EB-54EC61AAC766}.Ad-Hoc|ARM.Build.0 = Debug|Any CPU
		{DC43A712-59D0-4646-92EB-54EC61AAC766}.Ad-Hoc|iPhone.ActiveCfg = Debug|Any CPU
		{DC43A712-59D0-4646-92EB-54EC61AAC766}.Ad-Hoc|iPhone.Build.0 = Debug|Any CPU
		{DC43A712-59D0-4646-92EB-54EC61AAC766}.Ad-Hoc|iPhoneSimulator.ActiveCfg = Debug|Any CPU
		{DC43A712-59D0-4646-92EB-54EC61AAC766}.Ad-Hoc|iPhoneSimulator.Build.0 = Debug|Any CPU
		{DC43A712-59D0-4646-92EB-54EC61AAC766}.Ad-Hoc|x64.ActiveCfg = Debug|Any CPU
		{DC43A712-59D0-4646-92EB-54EC61AAC766}.Ad-Hoc|x64.Build.0 = Debug|Any CPU
		{DC43A712-59D0-4646-92EB-54EC61AAC766}.Ad-Hoc|x86.ActiveCfg = Debug|Any CPU
		{DC43A712-59D0-4646-92EB-54EC61AAC766}.Ad-Hoc|x86.Build.0 = Debug|Any CPU
		{DC43A712-59D0-4646-92EB-54EC61AAC766}.AppStore|Any CPU.ActiveCfg = Debug|Any CPU
		{DC43A712-59D0-4646-92EB-54EC61AAC766}.AppStore|Any CPU.Build.0 = Debug|Any CPU
		{DC43A712-59D0-4646-92EB-54EC61AAC766}.AppStore|ARM.ActiveCfg = Debug|Any CPU
		{DC43A712-59D0-4646-92EB-54EC61AAC766}.AppStore|ARM.Build.0 = Debug|Any CPU
		{DC43A712-59D0-4646-92EB-54EC61AAC766}.AppStore|iPhone.ActiveCfg = Debug|Any CPU
		{DC43A712-59D0-4646-92EB-54EC61AAC766}.AppStore|iPhone.Build.0 = Debug|Any CPU
		{DC43A712-59D0-4646-92EB-54EC61AAC766}.AppStore|iPhoneSimulator.ActiveCfg = Debug|Any CPU
		{DC43A712-59D0-4646-92EB-54EC61AAC766}.AppStore|iPhoneSimulator.Build.0 = Debug|Any CPU
		{DC43A712-59D0-4646-92EB-54EC61AAC766}.AppStore|x64.ActiveCfg = Debug|Any CPU
		{DC43A712-59D0-4646-92EB-54EC61AAC766}.AppStore|x64.Build.0 = Debug|Any CPU
		{DC43A712-59D0-4646-92EB-54EC61AAC766}.AppStore|x86.ActiveCfg = Debug|Any CPU
		{DC43A712-59D0-4646-92EB-54EC61AAC766}.AppStore|x86.Build.0 = Debug|Any CPU
		{DC43A712-59D0-4646-92EB-54EC61AAC766}.Debug|Any CPU.ActiveCfg = Debug|Any CPU
		{DC43A712-59D0-4646-92EB-54EC61AAC766}.Debug|Any CPU.Build.0 = Debug|Any CPU
		{DC43A712-59D0-4646-92EB-54EC61AAC766}.Debug|ARM.ActiveCfg = Debug|Any CPU
		{DC43A712-59D0-4646-92EB-54EC61AAC766}.Debug|ARM.Build.0 = Debug|Any CPU
		{DC43A712-59D0-4646-92EB-54EC61AAC766}.Debug|iPhone.ActiveCfg = Debug|Any CPU
		{DC43A712-59D0-4646-92EB-54EC61AAC766}.Debug|iPhone.Build.0 = Debug|Any CPU
		{DC43A712-59D0-4646-92EB-54EC61AAC766}.Debug|iPhoneSimulator.ActiveCfg = Debug|Any CPU
		{DC43A712-59D0-4646-92EB-54EC61AAC766}.Debug|iPhoneSimulator.Build.0 = Debug|Any CPU
		{DC43A712-59D0-4646-92EB-54EC61AAC766}.Debug|x64.ActiveCfg = Debug|Any CPU
		{DC43A712-59D0-4646-92EB-54EC61AAC766}.Debug|x64.Build.0 = Debug|Any CPU
		{DC43A712-59D0-4646-92EB-54EC61AAC766}.Debug|x86.ActiveCfg = Debug|Any CPU
		{DC43A712-59D0-4646-92EB-54EC61AAC766}.Debug|x86.Build.0 = Debug|Any CPU
		{DC43A712-59D0-4646-92EB-54EC61AAC766}.Release|Any CPU.ActiveCfg = Release|Any CPU
		{DC43A712-59D0-4646-92EB-54EC61AAC766}.Release|Any CPU.Build.0 = Release|Any CPU
		{DC43A712-59D0-4646-92EB-54EC61AAC766}.Release|ARM.ActiveCfg = Release|Any CPU
		{DC43A712-59D0-4646-92EB-54EC61AAC766}.Release|ARM.Build.0 = Release|Any CPU
		{DC43A712-59D0-4646-92EB-54EC61AAC766}.Release|iPhone.ActiveCfg = Release|Any CPU
		{DC43A712-59D0-4646-92EB-54EC61AAC766}.Release|iPhone.Build.0 = Release|Any CPU
		{DC43A712-59D0-4646-92EB-54EC61AAC766}.Release|iPhoneSimulator.ActiveCfg = Release|Any CPU
		{DC43A712-59D0-4646-92EB-54EC61AAC766}.Release|iPhoneSimulator.Build.0 = Release|Any CPU
		{DC43A712-59D0-4646-92EB-54EC61AAC766}.Release|x64.ActiveCfg = Release|Any CPU
		{DC43A712-59D0-4646-92EB-54EC61AAC766}.Release|x64.Build.0 = Release|Any CPU
		{DC43A712-59D0-4646-92EB-54EC61AAC766}.Release|x86.ActiveCfg = Release|Any CPU
		{DC43A712-59D0-4646-92EB-54EC61AAC766}.Release|x86.Build.0 = Release|Any CPU
		{D497BE95-6E0D-4488-A2C6-FDD898584D96}.Ad-Hoc|Any CPU.ActiveCfg = Release|Any CPU
		{D497BE95-6E0D-4488-A2C6-FDD898584D96}.Ad-Hoc|Any CPU.Build.0 = Release|Any CPU
		{D497BE95-6E0D-4488-A2C6-FDD898584D96}.Ad-Hoc|Any CPU.Deploy.0 = Release|Any CPU
		{D497BE95-6E0D-4488-A2C6-FDD898584D96}.Ad-Hoc|ARM.ActiveCfg = Release|Any CPU
		{D497BE95-6E0D-4488-A2C6-FDD898584D96}.Ad-Hoc|ARM.Build.0 = Release|Any CPU
		{D497BE95-6E0D-4488-A2C6-FDD898584D96}.Ad-Hoc|ARM.Deploy.0 = Release|Any CPU
		{D497BE95-6E0D-4488-A2C6-FDD898584D96}.Ad-Hoc|iPhone.ActiveCfg = Release|Any CPU
		{D497BE95-6E0D-4488-A2C6-FDD898584D96}.Ad-Hoc|iPhone.Build.0 = Release|Any CPU
		{D497BE95-6E0D-4488-A2C6-FDD898584D96}.Ad-Hoc|iPhone.Deploy.0 = Release|Any CPU
		{D497BE95-6E0D-4488-A2C6-FDD898584D96}.Ad-Hoc|iPhoneSimulator.ActiveCfg = Release|Any CPU
		{D497BE95-6E0D-4488-A2C6-FDD898584D96}.Ad-Hoc|iPhoneSimulator.Build.0 = Release|Any CPU
		{D497BE95-6E0D-4488-A2C6-FDD898584D96}.Ad-Hoc|iPhoneSimulator.Deploy.0 = Release|Any CPU
		{D497BE95-6E0D-4488-A2C6-FDD898584D96}.Ad-Hoc|x64.ActiveCfg = Release|Any CPU
		{D497BE95-6E0D-4488-A2C6-FDD898584D96}.Ad-Hoc|x64.Build.0 = Release|Any CPU
		{D497BE95-6E0D-4488-A2C6-FDD898584D96}.Ad-Hoc|x64.Deploy.0 = Release|Any CPU
		{D497BE95-6E0D-4488-A2C6-FDD898584D96}.Ad-Hoc|x86.ActiveCfg = Release|Any CPU
		{D497BE95-6E0D-4488-A2C6-FDD898584D96}.Ad-Hoc|x86.Build.0 = Release|Any CPU
		{D497BE95-6E0D-4488-A2C6-FDD898584D96}.Ad-Hoc|x86.Deploy.0 = Release|Any CPU
		{D497BE95-6E0D-4488-A2C6-FDD898584D96}.AppStore|Any CPU.ActiveCfg = Release|Any CPU
		{D497BE95-6E0D-4488-A2C6-FDD898584D96}.AppStore|Any CPU.Build.0 = Release|Any CPU
		{D497BE95-6E0D-4488-A2C6-FDD898584D96}.AppStore|Any CPU.Deploy.0 = Release|Any CPU
		{D497BE95-6E0D-4488-A2C6-FDD898584D96}.AppStore|ARM.ActiveCfg = Release|Any CPU
		{D497BE95-6E0D-4488-A2C6-FDD898584D96}.AppStore|ARM.Build.0 = Release|Any CPU
		{D497BE95-6E0D-4488-A2C6-FDD898584D96}.AppStore|ARM.Deploy.0 = Release|Any CPU
		{D497BE95-6E0D-4488-A2C6-FDD898584D96}.AppStore|iPhone.ActiveCfg = Release|Any CPU
		{D497BE95-6E0D-4488-A2C6-FDD898584D96}.AppStore|iPhone.Build.0 = Release|Any CPU
		{D497BE95-6E0D-4488-A2C6-FDD898584D96}.AppStore|iPhone.Deploy.0 = Release|Any CPU
		{D497BE95-6E0D-4488-A2C6-FDD898584D96}.AppStore|iPhoneSimulator.ActiveCfg = Release|Any CPU
		{D497BE95-6E0D-4488-A2C6-FDD898584D96}.AppStore|iPhoneSimulator.Build.0 = Release|Any CPU
		{D497BE95-6E0D-4488-A2C6-FDD898584D96}.AppStore|iPhoneSimulator.Deploy.0 = Release|Any CPU
		{D497BE95-6E0D-4488-A2C6-FDD898584D96}.AppStore|x64.ActiveCfg = Release|Any CPU
		{D497BE95-6E0D-4488-A2C6-FDD898584D96}.AppStore|x64.Build.0 = Release|Any CPU
		{D497BE95-6E0D-4488-A2C6-FDD898584D96}.AppStore|x64.Deploy.0 = Release|Any CPU
		{D497BE95-6E0D-4488-A2C6-FDD898584D96}.AppStore|x86.ActiveCfg = Release|Any CPU
		{D497BE95-6E0D-4488-A2C6-FDD898584D96}.AppStore|x86.Build.0 = Release|Any CPU
		{D497BE95-6E0D-4488-A2C6-FDD898584D96}.AppStore|x86.Deploy.0 = Release|Any CPU
		{D497BE95-6E0D-4488-A2C6-FDD898584D96}.Debug|Any CPU.ActiveCfg = Debug|Any CPU
		{D497BE95-6E0D-4488-A2C6-FDD898584D96}.Debug|Any CPU.Build.0 = Debug|Any CPU
		{D497BE95-6E0D-4488-A2C6-FDD898584D96}.Debug|Any CPU.Deploy.0 = Debug|Any CPU
		{D497BE95-6E0D-4488-A2C6-FDD898584D96}.Debug|ARM.ActiveCfg = Debug|Any CPU
		{D497BE95-6E0D-4488-A2C6-FDD898584D96}.Debug|ARM.Build.0 = Debug|Any CPU
		{D497BE95-6E0D-4488-A2C6-FDD898584D96}.Debug|ARM.Deploy.0 = Debug|Any CPU
		{D497BE95-6E0D-4488-A2C6-FDD898584D96}.Debug|iPhone.ActiveCfg = Debug|Any CPU
		{D497BE95-6E0D-4488-A2C6-FDD898584D96}.Debug|iPhone.Build.0 = Debug|Any CPU
		{D497BE95-6E0D-4488-A2C6-FDD898584D96}.Debug|iPhone.Deploy.0 = Debug|Any CPU
		{D497BE95-6E0D-4488-A2C6-FDD898584D96}.Debug|iPhoneSimulator.ActiveCfg = Debug|Any CPU
		{D497BE95-6E0D-4488-A2C6-FDD898584D96}.Debug|iPhoneSimulator.Build.0 = Debug|Any CPU
		{D497BE95-6E0D-4488-A2C6-FDD898584D96}.Debug|iPhoneSimulator.Deploy.0 = Debug|Any CPU
		{D497BE95-6E0D-4488-A2C6-FDD898584D96}.Debug|x64.ActiveCfg = Debug|Any CPU
		{D497BE95-6E0D-4488-A2C6-FDD898584D96}.Debug|x64.Build.0 = Debug|Any CPU
		{D497BE95-6E0D-4488-A2C6-FDD898584D96}.Debug|x64.Deploy.0 = Debug|Any CPU
		{D497BE95-6E0D-4488-A2C6-FDD898584D96}.Debug|x86.ActiveCfg = Debug|Any CPU
		{D497BE95-6E0D-4488-A2C6-FDD898584D96}.Debug|x86.Build.0 = Debug|Any CPU
		{D497BE95-6E0D-4488-A2C6-FDD898584D96}.Debug|x86.Deploy.0 = Debug|Any CPU
		{D497BE95-6E0D-4488-A2C6-FDD898584D96}.Release|Any CPU.ActiveCfg = Release|Any CPU
		{D497BE95-6E0D-4488-A2C6-FDD898584D96}.Release|Any CPU.Build.0 = Release|Any CPU
		{D497BE95-6E0D-4488-A2C6-FDD898584D96}.Release|Any CPU.Deploy.0 = Release|Any CPU
		{D497BE95-6E0D-4488-A2C6-FDD898584D96}.Release|ARM.ActiveCfg = Release|Any CPU
		{D497BE95-6E0D-4488-A2C6-FDD898584D96}.Release|ARM.Build.0 = Release|Any CPU
		{D497BE95-6E0D-4488-A2C6-FDD898584D96}.Release|ARM.Deploy.0 = Release|Any CPU
		{D497BE95-6E0D-4488-A2C6-FDD898584D96}.Release|iPhone.ActiveCfg = Release|Any CPU
		{D497BE95-6E0D-4488-A2C6-FDD898584D96}.Release|iPhone.Build.0 = Release|Any CPU
		{D497BE95-6E0D-4488-A2C6-FDD898584D96}.Release|iPhone.Deploy.0 = Release|Any CPU
		{D497BE95-6E0D-4488-A2C6-FDD898584D96}.Release|iPhoneSimulator.ActiveCfg = Release|Any CPU
		{D497BE95-6E0D-4488-A2C6-FDD898584D96}.Release|iPhoneSimulator.Build.0 = Release|Any CPU
		{D497BE95-6E0D-4488-A2C6-FDD898584D96}.Release|iPhoneSimulator.Deploy.0 = Release|Any CPU
		{D497BE95-6E0D-4488-A2C6-FDD898584D96}.Release|x64.ActiveCfg = Release|Any CPU
		{D497BE95-6E0D-4488-A2C6-FDD898584D96}.Release|x64.Build.0 = Release|Any CPU
		{D497BE95-6E0D-4488-A2C6-FDD898584D96}.Release|x64.Deploy.0 = Release|Any CPU
		{D497BE95-6E0D-4488-A2C6-FDD898584D96}.Release|x86.ActiveCfg = Release|Any CPU
		{D497BE95-6E0D-4488-A2C6-FDD898584D96}.Release|x86.Build.0 = Release|Any CPU
		{D497BE95-6E0D-4488-A2C6-FDD898584D96}.Release|x86.Deploy.0 = Release|Any CPU
		{69A3409A-5962-4BCC-B627-51E2AEC3E03C}.Ad-Hoc|Any CPU.ActiveCfg = Ad-Hoc|iPhone
		{69A3409A-5962-4BCC-B627-51E2AEC3E03C}.Ad-Hoc|ARM.ActiveCfg = Ad-Hoc|iPhone
		{69A3409A-5962-4BCC-B627-51E2AEC3E03C}.Ad-Hoc|iPhone.ActiveCfg = Ad-Hoc|iPhone
		{69A3409A-5962-4BCC-B627-51E2AEC3E03C}.Ad-Hoc|iPhone.Build.0 = Ad-Hoc|iPhone
		{69A3409A-5962-4BCC-B627-51E2AEC3E03C}.Ad-Hoc|iPhoneSimulator.ActiveCfg = Ad-Hoc|iPhoneSimulator
		{69A3409A-5962-4BCC-B627-51E2AEC3E03C}.Ad-Hoc|iPhoneSimulator.Build.0 = Ad-Hoc|iPhoneSimulator
		{69A3409A-5962-4BCC-B627-51E2AEC3E03C}.Ad-Hoc|x64.ActiveCfg = Ad-Hoc|iPhone
		{69A3409A-5962-4BCC-B627-51E2AEC3E03C}.Ad-Hoc|x86.ActiveCfg = Ad-Hoc|iPhone
		{69A3409A-5962-4BCC-B627-51E2AEC3E03C}.AppStore|Any CPU.ActiveCfg = AppStore|iPhone
		{69A3409A-5962-4BCC-B627-51E2AEC3E03C}.AppStore|ARM.ActiveCfg = AppStore|iPhone
		{69A3409A-5962-4BCC-B627-51E2AEC3E03C}.AppStore|iPhone.ActiveCfg = AppStore|iPhone
		{69A3409A-5962-4BCC-B627-51E2AEC3E03C}.AppStore|iPhone.Build.0 = AppStore|iPhone
		{69A3409A-5962-4BCC-B627-51E2AEC3E03C}.AppStore|iPhoneSimulator.ActiveCfg = AppStore|iPhoneSimulator
		{69A3409A-5962-4BCC-B627-51E2AEC3E03C}.AppStore|iPhoneSimulator.Build.0 = AppStore|iPhoneSimulator
		{69A3409A-5962-4BCC-B627-51E2AEC3E03C}.AppStore|x64.ActiveCfg = AppStore|iPhone
		{69A3409A-5962-4BCC-B627-51E2AEC3E03C}.AppStore|x86.ActiveCfg = AppStore|iPhone
		{69A3409A-5962-4BCC-B627-51E2AEC3E03C}.Debug|Any CPU.ActiveCfg = Debug|iPhone
		{69A3409A-5962-4BCC-B627-51E2AEC3E03C}.Debug|ARM.ActiveCfg = Debug|iPhone
		{69A3409A-5962-4BCC-B627-51E2AEC3E03C}.Debug|iPhone.ActiveCfg = Debug|iPhone
		{69A3409A-5962-4BCC-B627-51E2AEC3E03C}.Debug|iPhone.Build.0 = Debug|iPhone
		{69A3409A-5962-4BCC-B627-51E2AEC3E03C}.Debug|iPhoneSimulator.ActiveCfg = Debug|iPhoneSimulator
		{69A3409A-5962-4BCC-B627-51E2AEC3E03C}.Debug|iPhoneSimulator.Build.0 = Debug|iPhoneSimulator
		{69A3409A-5962-4BCC-B627-51E2AEC3E03C}.Debug|x64.ActiveCfg = Debug|iPhone
		{69A3409A-5962-4BCC-B627-51E2AEC3E03C}.Debug|x86.ActiveCfg = Debug|iPhone
		{69A3409A-5962-4BCC-B627-51E2AEC3E03C}.Release|Any CPU.ActiveCfg = Release|iPhone
		{69A3409A-5962-4BCC-B627-51E2AEC3E03C}.Release|ARM.ActiveCfg = Release|iPhone
		{69A3409A-5962-4BCC-B627-51E2AEC3E03C}.Release|iPhone.ActiveCfg = Release|iPhone
		{69A3409A-5962-4BCC-B627-51E2AEC3E03C}.Release|iPhone.Build.0 = Release|iPhone
		{69A3409A-5962-4BCC-B627-51E2AEC3E03C}.Release|iPhoneSimulator.ActiveCfg = Release|iPhoneSimulator
		{69A3409A-5962-4BCC-B627-51E2AEC3E03C}.Release|iPhoneSimulator.Build.0 = Release|iPhoneSimulator
		{69A3409A-5962-4BCC-B627-51E2AEC3E03C}.Release|x64.ActiveCfg = Release|iPhone
		{69A3409A-5962-4BCC-B627-51E2AEC3E03C}.Release|x86.ActiveCfg = Release|iPhone
		{763FECBA-0FAA-4BD9-AF91-E2C278A4C5B1}.Ad-Hoc|Any CPU.ActiveCfg = Release|x86
		{763FECBA-0FAA-4BD9-AF91-E2C278A4C5B1}.Ad-Hoc|Any CPU.Build.0 = Release|x86
		{763FECBA-0FAA-4BD9-AF91-E2C278A4C5B1}.Ad-Hoc|Any CPU.Deploy.0 = Release|x86
		{763FECBA-0FAA-4BD9-AF91-E2C278A4C5B1}.Ad-Hoc|ARM.ActiveCfg = Release|ARM
		{763FECBA-0FAA-4BD9-AF91-E2C278A4C5B1}.Ad-Hoc|ARM.Build.0 = Release|ARM
		{763FECBA-0FAA-4BD9-AF91-E2C278A4C5B1}.Ad-Hoc|ARM.Deploy.0 = Release|ARM
		{763FECBA-0FAA-4BD9-AF91-E2C278A4C5B1}.Ad-Hoc|iPhone.ActiveCfg = Release|x86
		{763FECBA-0FAA-4BD9-AF91-E2C278A4C5B1}.Ad-Hoc|iPhone.Build.0 = Release|x86
		{763FECBA-0FAA-4BD9-AF91-E2C278A4C5B1}.Ad-Hoc|iPhone.Deploy.0 = Release|x86
		{763FECBA-0FAA-4BD9-AF91-E2C278A4C5B1}.Ad-Hoc|iPhoneSimulator.ActiveCfg = Release|x86
		{763FECBA-0FAA-4BD9-AF91-E2C278A4C5B1}.Ad-Hoc|iPhoneSimulator.Build.0 = Release|x86
		{763FECBA-0FAA-4BD9-AF91-E2C278A4C5B1}.Ad-Hoc|iPhoneSimulator.Deploy.0 = Release|x86
		{763FECBA-0FAA-4BD9-AF91-E2C278A4C5B1}.Ad-Hoc|x64.ActiveCfg = Release|x64
		{763FECBA-0FAA-4BD9-AF91-E2C278A4C5B1}.Ad-Hoc|x64.Build.0 = Release|x64
		{763FECBA-0FAA-4BD9-AF91-E2C278A4C5B1}.Ad-Hoc|x64.Deploy.0 = Release|x64
		{763FECBA-0FAA-4BD9-AF91-E2C278A4C5B1}.Ad-Hoc|x86.ActiveCfg = Release|x86
		{763FECBA-0FAA-4BD9-AF91-E2C278A4C5B1}.Ad-Hoc|x86.Build.0 = Release|x86
		{763FECBA-0FAA-4BD9-AF91-E2C278A4C5B1}.Ad-Hoc|x86.Deploy.0 = Release|x86
		{763FECBA-0FAA-4BD9-AF91-E2C278A4C5B1}.AppStore|Any CPU.ActiveCfg = Release|x86
		{763FECBA-0FAA-4BD9-AF91-E2C278A4C5B1}.AppStore|Any CPU.Build.0 = Release|x86
		{763FECBA-0FAA-4BD9-AF91-E2C278A4C5B1}.AppStore|Any CPU.Deploy.0 = Release|x86
		{763FECBA-0FAA-4BD9-AF91-E2C278A4C5B1}.AppStore|ARM.ActiveCfg = Release|ARM
		{763FECBA-0FAA-4BD9-AF91-E2C278A4C5B1}.AppStore|ARM.Build.0 = Release|ARM
		{763FECBA-0FAA-4BD9-AF91-E2C278A4C5B1}.AppStore|ARM.Deploy.0 = Release|ARM
		{763FECBA-0FAA-4BD9-AF91-E2C278A4C5B1}.AppStore|iPhone.ActiveCfg = Release|x86
		{763FECBA-0FAA-4BD9-AF91-E2C278A4C5B1}.AppStore|iPhone.Build.0 = Release|x86
		{763FECBA-0FAA-4BD9-AF91-E2C278A4C5B1}.AppStore|iPhone.Deploy.0 = Release|x86
		{763FECBA-0FAA-4BD9-AF91-E2C278A4C5B1}.AppStore|iPhoneSimulator.ActiveCfg = Release|x86
		{763FECBA-0FAA-4BD9-AF91-E2C278A4C5B1}.AppStore|iPhoneSimulator.Build.0 = Release|x86
		{763FECBA-0FAA-4BD9-AF91-E2C278A4C5B1}.AppStore|iPhoneSimulator.Deploy.0 = Release|x86
		{763FECBA-0FAA-4BD9-AF91-E2C278A4C5B1}.AppStore|x64.ActiveCfg = Release|x64
		{763FECBA-0FAA-4BD9-AF91-E2C278A4C5B1}.AppStore|x64.Build.0 = Release|x64
		{763FECBA-0FAA-4BD9-AF91-E2C278A4C5B1}.AppStore|x64.Deploy.0 = Release|x64
		{763FECBA-0FAA-4BD9-AF91-E2C278A4C5B1}.AppStore|x86.ActiveCfg = Release|x86
		{763FECBA-0FAA-4BD9-AF91-E2C278A4C5B1}.AppStore|x86.Build.0 = Release|x86
		{763FECBA-0FAA-4BD9-AF91-E2C278A4C5B1}.AppStore|x86.Deploy.0 = Release|x86
		{763FECBA-0FAA-4BD9-AF91-E2C278A4C5B1}.Debug|Any CPU.ActiveCfg = Debug|x86
		{763FECBA-0FAA-4BD9-AF91-E2C278A4C5B1}.Debug|Any CPU.Deploy.0 = Debug|x86
		{763FECBA-0FAA-4BD9-AF91-E2C278A4C5B1}.Debug|ARM.ActiveCfg = Debug|ARM
		{763FECBA-0FAA-4BD9-AF91-E2C278A4C5B1}.Debug|ARM.Build.0 = Debug|ARM
		{763FECBA-0FAA-4BD9-AF91-E2C278A4C5B1}.Debug|ARM.Deploy.0 = Debug|ARM
		{763FECBA-0FAA-4BD9-AF91-E2C278A4C5B1}.Debug|iPhone.ActiveCfg = Debug|x86
		{763FECBA-0FAA-4BD9-AF91-E2C278A4C5B1}.Debug|iPhoneSimulator.ActiveCfg = Debug|x86
		{763FECBA-0FAA-4BD9-AF91-E2C278A4C5B1}.Debug|x64.ActiveCfg = Debug|x64
		{763FECBA-0FAA-4BD9-AF91-E2C278A4C5B1}.Debug|x64.Build.0 = Debug|x64
		{763FECBA-0FAA-4BD9-AF91-E2C278A4C5B1}.Debug|x64.Deploy.0 = Debug|x64
		{763FECBA-0FAA-4BD9-AF91-E2C278A4C5B1}.Debug|x86.ActiveCfg = Debug|x86
		{763FECBA-0FAA-4BD9-AF91-E2C278A4C5B1}.Debug|x86.Build.0 = Debug|x86
		{763FECBA-0FAA-4BD9-AF91-E2C278A4C5B1}.Debug|x86.Deploy.0 = Debug|x86
		{763FECBA-0FAA-4BD9-AF91-E2C278A4C5B1}.Release|Any CPU.ActiveCfg = Release|x86
		{763FECBA-0FAA-4BD9-AF91-E2C278A4C5B1}.Release|ARM.ActiveCfg = Release|ARM
		{763FECBA-0FAA-4BD9-AF91-E2C278A4C5B1}.Release|ARM.Build.0 = Release|ARM
		{763FECBA-0FAA-4BD9-AF91-E2C278A4C5B1}.Release|ARM.Deploy.0 = Release|ARM
		{763FECBA-0FAA-4BD9-AF91-E2C278A4C5B1}.Release|iPhone.ActiveCfg = Release|x86
		{763FECBA-0FAA-4BD9-AF91-E2C278A4C5B1}.Release|iPhoneSimulator.ActiveCfg = Release|x86
		{763FECBA-0FAA-4BD9-AF91-E2C278A4C5B1}.Release|x64.ActiveCfg = Release|x64
		{763FECBA-0FAA-4BD9-AF91-E2C278A4C5B1}.Release|x64.Build.0 = Release|x64
		{763FECBA-0FAA-4BD9-AF91-E2C278A4C5B1}.Release|x64.Deploy.0 = Release|x64
		{763FECBA-0FAA-4BD9-AF91-E2C278A4C5B1}.Release|x86.ActiveCfg = Release|x86
		{763FECBA-0FAA-4BD9-AF91-E2C278A4C5B1}.Release|x86.Build.0 = Release|x86
		{763FECBA-0FAA-4BD9-AF91-E2C278A4C5B1}.Release|x86.Deploy.0 = Release|x86
		{1AEE4E6A-5BC5-4DB8-935C-E3CCC9E23F7A}.Ad-Hoc|Any CPU.ActiveCfg = Debug|Any CPU
		{1AEE4E6A-5BC5-4DB8-935C-E3CCC9E23F7A}.Ad-Hoc|Any CPU.Build.0 = Debug|Any CPU
		{1AEE4E6A-5BC5-4DB8-935C-E3CCC9E23F7A}.Ad-Hoc|ARM.ActiveCfg = Debug|Any CPU
		{1AEE4E6A-5BC5-4DB8-935C-E3CCC9E23F7A}.Ad-Hoc|ARM.Build.0 = Debug|Any CPU
		{1AEE4E6A-5BC5-4DB8-935C-E3CCC9E23F7A}.Ad-Hoc|iPhone.ActiveCfg = Debug|Any CPU
		{1AEE4E6A-5BC5-4DB8-935C-E3CCC9E23F7A}.Ad-Hoc|iPhone.Build.0 = Debug|Any CPU
		{1AEE4E6A-5BC5-4DB8-935C-E3CCC9E23F7A}.Ad-Hoc|iPhoneSimulator.ActiveCfg = Debug|Any CPU
		{1AEE4E6A-5BC5-4DB8-935C-E3CCC9E23F7A}.Ad-Hoc|iPhoneSimulator.Build.0 = Debug|Any CPU
		{1AEE4E6A-5BC5-4DB8-935C-E3CCC9E23F7A}.Ad-Hoc|x64.ActiveCfg = Debug|Any CPU
		{1AEE4E6A-5BC5-4DB8-935C-E3CCC9E23F7A}.Ad-Hoc|x64.Build.0 = Debug|Any CPU
		{1AEE4E6A-5BC5-4DB8-935C-E3CCC9E23F7A}.Ad-Hoc|x86.ActiveCfg = Debug|Any CPU
		{1AEE4E6A-5BC5-4DB8-935C-E3CCC9E23F7A}.Ad-Hoc|x86.Build.0 = Debug|Any CPU
		{1AEE4E6A-5BC5-4DB8-935C-E3CCC9E23F7A}.AppStore|Any CPU.ActiveCfg = Debug|Any CPU
		{1AEE4E6A-5BC5-4DB8-935C-E3CCC9E23F7A}.AppStore|Any CPU.Build.0 = Debug|Any CPU
		{1AEE4E6A-5BC5-4DB8-935C-E3CCC9E23F7A}.AppStore|ARM.ActiveCfg = Debug|Any CPU
		{1AEE4E6A-5BC5-4DB8-935C-E3CCC9E23F7A}.AppStore|ARM.Build.0 = Debug|Any CPU
		{1AEE4E6A-5BC5-4DB8-935C-E3CCC9E23F7A}.AppStore|iPhone.ActiveCfg = Debug|Any CPU
		{1AEE4E6A-5BC5-4DB8-935C-E3CCC9E23F7A}.AppStore|iPhone.Build.0 = Debug|Any CPU
		{1AEE4E6A-5BC5-4DB8-935C-E3CCC9E23F7A}.AppStore|iPhoneSimulator.ActiveCfg = Debug|Any CPU
		{1AEE4E6A-5BC5-4DB8-935C-E3CCC9E23F7A}.AppStore|iPhoneSimulator.Build.0 = Debug|Any CPU
		{1AEE4E6A-5BC5-4DB8-935C-E3CCC9E23F7A}.AppStore|x64.ActiveCfg = Debug|Any CPU
		{1AEE4E6A-5BC5-4DB8-935C-E3CCC9E23F7A}.AppStore|x64.Build.0 = Debug|Any CPU
		{1AEE4E6A-5BC5-4DB8-935C-E3CCC9E23F7A}.AppStore|x86.ActiveCfg = Debug|Any CPU
		{1AEE4E6A-5BC5-4DB8-935C-E3CCC9E23F7A}.AppStore|x86.Build.0 = Debug|Any CPU
		{1AEE4E6A-5BC5-4DB8-935C-E3CCC9E23F7A}.Debug|Any CPU.ActiveCfg = Debug|Any CPU
		{1AEE4E6A-5BC5-4DB8-935C-E3CCC9E23F7A}.Debug|Any CPU.Build.0 = Debug|Any CPU
		{1AEE4E6A-5BC5-4DB8-935C-E3CCC9E23F7A}.Debug|ARM.ActiveCfg = Debug|Any CPU
		{1AEE4E6A-5BC5-4DB8-935C-E3CCC9E23F7A}.Debug|ARM.Build.0 = Debug|Any CPU
		{1AEE4E6A-5BC5-4DB8-935C-E3CCC9E23F7A}.Debug|iPhone.ActiveCfg = Debug|Any CPU
		{1AEE4E6A-5BC5-4DB8-935C-E3CCC9E23F7A}.Debug|iPhone.Build.0 = Debug|Any CPU
		{1AEE4E6A-5BC5-4DB8-935C-E3CCC9E23F7A}.Debug|iPhoneSimulator.ActiveCfg = Debug|Any CPU
		{1AEE4E6A-5BC5-4DB8-935C-E3CCC9E23F7A}.Debug|iPhoneSimulator.Build.0 = Debug|Any CPU
		{1AEE4E6A-5BC5-4DB8-935C-E3CCC9E23F7A}.Debug|x64.ActiveCfg = Debug|Any CPU
		{1AEE4E6A-5BC5-4DB8-935C-E3CCC9E23F7A}.Debug|x64.Build.0 = Debug|Any CPU
		{1AEE4E6A-5BC5-4DB8-935C-E3CCC9E23F7A}.Debug|x86.ActiveCfg = Debug|Any CPU
		{1AEE4E6A-5BC5-4DB8-935C-E3CCC9E23F7A}.Debug|x86.Build.0 = Debug|Any CPU
		{1AEE4E6A-5BC5-4DB8-935C-E3CCC9E23F7A}.Release|Any CPU.ActiveCfg = Release|Any CPU
		{1AEE4E6A-5BC5-4DB8-935C-E3CCC9E23F7A}.Release|Any CPU.Build.0 = Release|Any CPU
		{1AEE4E6A-5BC5-4DB8-935C-E3CCC9E23F7A}.Release|ARM.ActiveCfg = Release|Any CPU
		{1AEE4E6A-5BC5-4DB8-935C-E3CCC9E23F7A}.Release|ARM.Build.0 = Release|Any CPU
		{1AEE4E6A-5BC5-4DB8-935C-E3CCC9E23F7A}.Release|iPhone.ActiveCfg = Release|Any CPU
		{1AEE4E6A-5BC5-4DB8-935C-E3CCC9E23F7A}.Release|iPhone.Build.0 = Release|Any CPU
		{1AEE4E6A-5BC5-4DB8-935C-E3CCC9E23F7A}.Release|iPhoneSimulator.ActiveCfg = Release|Any CPU
		{1AEE4E6A-5BC5-4DB8-935C-E3CCC9E23F7A}.Release|iPhoneSimulator.Build.0 = Release|Any CPU
		{1AEE4E6A-5BC5-4DB8-935C-E3CCC9E23F7A}.Release|x64.ActiveCfg = Release|Any CPU
		{1AEE4E6A-5BC5-4DB8-935C-E3CCC9E23F7A}.Release|x64.Build.0 = Release|Any CPU
		{1AEE4E6A-5BC5-4DB8-935C-E3CCC9E23F7A}.Release|x86.ActiveCfg = Release|Any CPU
		{1AEE4E6A-5BC5-4DB8-935C-E3CCC9E23F7A}.Release|x86.Build.0 = Release|Any CPU
	EndGlobalSection
	GlobalSection(SolutionProperties) = preSolution
		HideSolutionNode = FALSE
	EndGlobalSection
	GlobalSection(ExtensibilityGlobals) = postSolution
		SolutionGuid = {0005B14B-1038-4084-A3EF-7BBF93AFA898}
	EndGlobalSection
EndGlobal
