
Microsoft Visual Studio Solution File, Format Version 12.00
# Visual Studio 15
VisualStudioVersion = 15.0.26730.10
MinimumVisualStudioVersion = 10.0.40219.1


Project("{9A19103F-16F7-4668-BE54-9A1E7A4F7556}") = "MyStore.EmployeesApp", "MyStore.EmployeesApp\MyStore.EmployeesApp\MyStore.EmployeesApp.csproj", "{0E5DAD2D-0420-4872-9441-DF7AB29C293E}"
EndProject

Project("{FAE04EC0-301F-11D3-BF4B-00C04F79EFBC}") = "MyStore.EmployeesApp.iOS", "MyStore.EmployeesApp\MyStore.EmployeesApp.iOS\MyStore.EmployeesApp.iOS.csproj", "{DABEAD21-F9C1-4CE7-AC65-842BFEC65454}"
EndProject


Project("{FAE04EC0-301F-11D3-BF4B-00C04F79EFBC}") = "MyStore.EmployeesApp.Android", "MyStore.EmployeesApp\MyStore.EmployeesApp.Android\MyStore.EmployeesApp.Android.csproj", "{0D4D6103-B33E-4B26-87B3-479380A72746}"
EndProject

Project("{FAE04EC0-301F-11D3-BF4B-00C04F79EFBC}") = "MyStore.EmployeesApp.UWP", "MyStore.EmployeesApp\MyStore.EmployeesApp.UWP\MyStore.EmployeesApp.UWP.csproj", "{18B27804-0521-4B0E-9C2F-97E2F2572E2B}"
EndProject

Global
	GlobalSection(SolutionConfigurationPlatforms) = preSolution
		Ad-Hoc|Any CPU = Ad-Hoc|Any CPU
		Ad-Hoc|ARM = Ad-Hoc|ARM
		Ad-Hoc|iPhone = Ad-Hoc|iPhone
		Ad-Hoc|iPhoneSimulator = Ad-Hoc|iPhoneSimulator
		Ad-Hoc|x64 = Ad-Hoc|x64
		Ad-Hoc|x86 = Ad-Hoc|x86
		AppStore|Any CPU = AppStore|Any CPU
		AppStore|ARM = AppStore|ARM
		AppStore|iPhone = AppStore|iPhone
		AppStore|iPhoneSimulator = AppStore|iPhoneSimulator
		AppStore|x64 = AppStore|x64
		AppStore|x86 = AppStore|x86
		Debug|Any CPU = Debug|Any CPU
		Debug|ARM = Debug|ARM
		Debug|iPhone = Debug|iPhone
		Debug|iPhoneSimulator = Debug|iPhoneSimulator
		Debug|x64 = Debug|x64
		Debug|x86 = Debug|x86
		Release|Any CPU = Release|Any CPU
		Release|ARM = Release|ARM
		Release|iPhone = Release|iPhone
		Release|iPhoneSimulator = Release|iPhoneSimulator
		Release|x64 = Release|x64
		Release|x86 = Release|x86
	EndGlobalSection
	GlobalSection(ProjectConfigurationPlatforms) = postSolution
		{0E5DAD2D-0420-4872-9441-DF7AB29C293E}.Ad-Hoc|Any CPU.ActiveCfg = Debug|Any CPU
		{0E5DAD2D-0420-4872-9441-DF7AB29C293E}.Ad-Hoc|Any CPU.Build.0 = Debug|Any CPU
		{0E5DAD2D-0420-4872-9441-DF7AB29C293E}.Ad-Hoc|ARM.ActiveCfg = Debug|Any CPU
		{0E5DAD2D-0420-4872-9441-DF7AB29C293E}.Ad-Hoc|ARM.Build.0 = Debug|Any CPU
		{0E5DAD2D-0420-4872-9441-DF7AB29C293E}.Ad-Hoc|iPhone.ActiveCfg = Debug|Any CPU
		{0E5DAD2D-0420-4872-9441-DF7AB29C293E}.Ad-Hoc|iPhone.Build.0 = Debug|Any CPU
		{0E5DAD2D-0420-4872-9441-DF7AB29C293E}.Ad-Hoc|iPhoneSimulator.ActiveCfg = Debug|Any CPU
		{0E5DAD2D-0420-4872-9441-DF7AB29C293E}.Ad-Hoc|iPhoneSimulator.Build.0 = Debug|Any CPU
		{0E5DAD2D-0420-4872-9441-DF7AB29C293E}.Ad-Hoc|x64.ActiveCfg = Debug|Any CPU
		{0E5DAD2D-0420-4872-9441-DF7AB29C293E}.Ad-Hoc|x64.Build.0 = Debug|Any CPU
		{0E5DAD2D-0420-4872-9441-DF7AB29C293E}.Ad-Hoc|x86.ActiveCfg = Debug|Any CPU
		{0E5DAD2D-0420-4872-9441-DF7AB29C293E}.Ad-Hoc|x86.Build.0 = Debug|Any CPU
		{0E5DAD2D-0420-4872-9441-DF7AB29C293E}.AppStore|Any CPU.ActiveCfg = Debug|Any CPU
		{0E5DAD2D-0420-4872-9441-DF7AB29C293E}.AppStore|Any CPU.Build.0 = Debug|Any CPU
		{0E5DAD2D-0420-4872-9441-DF7AB29C293E}.AppStore|ARM.ActiveCfg = Debug|Any CPU
		{0E5DAD2D-0420-4872-9441-DF7AB29C293E}.AppStore|ARM.Build.0 = Debug|Any CPU
		{0E5DAD2D-0420-4872-9441-DF7AB29C293E}.AppStore|iPhone.ActiveCfg = Debug|Any CPU
		{0E5DAD2D-0420-4872-9441-DF7AB29C293E}.AppStore|iPhone.Build.0 = Debug|Any CPU
		{0E5DAD2D-0420-4872-9441-DF7AB29C293E}.AppStore|iPhoneSimulator.ActiveCfg = Debug|Any CPU
		{0E5DAD2D-0420-4872-9441-DF7AB29C293E}.AppStore|iPhoneSimulator.Build.0 = Debug|Any CPU
		{0E5DAD2D-0420-4872-9441-DF7AB29C293E}.AppStore|x64.ActiveCfg = Debug|Any CPU
		{0E5DAD2D-0420-4872-9441-DF7AB29C293E}.AppStore|x64.Build.0 = Debug|Any CPU
		{0E5DAD2D-0420-4872-9441-DF7AB29C293E}.AppStore|x86.ActiveCfg = Debug|Any CPU
		{0E5DAD2D-0420-4872-9441-DF7AB29C293E}.AppStore|x86.Build.0 = Debug|Any CPU
		{0E5DAD2D-0420-4872-9441-DF7AB29C293E}.Debug|Any CPU.ActiveCfg = Debug|Any CPU
		{0E5DAD2D-0420-4872-9441-DF7AB29C293E}.Debug|Any CPU.Build.0 = Debug|Any CPU
		{0E5DAD2D-0420-4872-9441-DF7AB29C293E}.Debug|ARM.ActiveCfg = Debug|Any CPU
		{0E5DAD2D-0420-4872-9441-DF7AB29C293E}.Debug|ARM.Build.0 = Debug|Any CPU
		{0E5DAD2D-0420-4872-9441-DF7AB29C293E}.Debug|iPhone.ActiveCfg = Debug|Any CPU
		{0E5DAD2D-0420-4872-9441-DF7AB29C293E}.Debug|iPhone.Build.0 = Debug|Any CPU
		{0E5DAD2D-0420-4872-9441-DF7AB29C293E}.Debug|iPhoneSimulator.ActiveCfg = Debug|Any CPU
		{0E5DAD2D-0420-4872-9441-DF7AB29C293E}.Debug|iPhoneSimulator.Build.0 = Debug|Any CPU
		{0E5DAD2D-0420-4872-9441-DF7AB29C293E}.Debug|x64.ActiveCfg = Debug|Any CPU
		{0E5DAD2D-0420-4872-9441-DF7AB29C293E}.Debug|x64.Build.0 = Debug|Any CPU
		{0E5DAD2D-0420-4872-9441-DF7AB29C293E}.Debug|x86.ActiveCfg = Debug|Any CPU
		{0E5DAD2D-0420-4872-9441-DF7AB29C293E}.Debug|x86.Build.0 = Debug|Any CPU
		{0E5DAD2D-0420-4872-9441-DF7AB29C293E}.Release|Any CPU.ActiveCfg = Release|Any CPU
		{0E5DAD2D-0420-4872-9441-DF7AB29C293E}.Release|Any CPU.Build.0 = Release|Any CPU
		{0E5DAD2D-0420-4872-9441-DF7AB29C293E}.Release|ARM.ActiveCfg = Release|Any CPU
		{0E5DAD2D-0420-4872-9441-DF7AB29C293E}.Release|ARM.Build.0 = Release|Any CPU
		{0E5DAD2D-0420-4872-9441-DF7AB29C293E}.Release|iPhone.ActiveCfg = Release|Any CPU
		{0E5DAD2D-0420-4872-9441-DF7AB29C293E}.Release|iPhone.Build.0 = Release|Any CPU
		{0E5DAD2D-0420-4872-9441-DF7AB29C293E}.Release|iPhoneSimulator.ActiveCfg = Release|Any CPU
		{0E5DAD2D-0420-4872-9441-DF7AB29C293E}.Release|iPhoneSimulator.Build.0 = Release|Any CPU
		{0E5DAD2D-0420-4872-9441-DF7AB29C293E}.Release|x64.ActiveCfg = Release|Any CPU
		{0E5DAD2D-0420-4872-9441-DF7AB29C293E}.Release|x64.Build.0 = Release|Any CPU
		{0E5DAD2D-0420-4872-9441-DF7AB29C293E}.Release|x86.ActiveCfg = Release|Any CPU
		{0E5DAD2D-0420-4872-9441-DF7AB29C293E}.Release|x86.Build.0 = Release|Any CPU
		{DABEAD21-F9C1-4CE7-AC65-842BFEC65454}.Ad-Hoc|Any CPU.ActiveCfg = Ad-Hoc|iPhone
		{DABEAD21-F9C1-4CE7-AC65-842BFEC65454}.Ad-Hoc|ARM.ActiveCfg = Ad-Hoc|iPhone
		{DABEAD21-F9C1-4CE7-AC65-842BFEC65454}.Ad-Hoc|iPhone.ActiveCfg = Ad-Hoc|iPhone
		{DABEAD21-F9C1-4CE7-AC65-842BFEC65454}.Ad-Hoc|iPhone.Build.0 = Ad-Hoc|iPhone
		{DABEAD21-F9C1-4CE7-AC65-842BFEC65454}.Ad-Hoc|iPhoneSimulator.ActiveCfg = Ad-Hoc|iPhoneSimulator
		{DABEAD21-F9C1-4CE7-AC65-842BFEC65454}.Ad-Hoc|iPhoneSimulator.Build.0 = Ad-Hoc|iPhoneSimulator
		{DABEAD21-F9C1-4CE7-AC65-842BFEC65454}.Ad-Hoc|x64.ActiveCfg = Ad-Hoc|iPhone
		{DABEAD21-F9C1-4CE7-AC65-842BFEC65454}.Ad-Hoc|x86.ActiveCfg = Ad-Hoc|iPhone
		{DABEAD21-F9C1-4CE7-AC65-842BFEC65454}.AppStore|Any CPU.ActiveCfg = AppStore|iPhone
		{DABEAD21-F9C1-4CE7-AC65-842BFEC65454}.AppStore|ARM.ActiveCfg = AppStore|iPhone
		{DABEAD21-F9C1-4CE7-AC65-842BFEC65454}.AppStore|iPhone.ActiveCfg = AppStore|iPhone
		{DABEAD21-F9C1-4CE7-AC65-842BFEC65454}.AppStore|iPhone.Build.0 = AppStore|iPhone
		{DABEAD21-F9C1-4CE7-AC65-842BFEC65454}.AppStore|iPhoneSimulator.ActiveCfg = AppStore|iPhoneSimulator
		{DABEAD21-F9C1-4CE7-AC65-842BFEC65454}.AppStore|iPhoneSimulator.Build.0 = AppStore|iPhoneSimulator
		{DABEAD21-F9C1-4CE7-AC65-842BFEC65454}.AppStore|x64.ActiveCfg = AppStore|iPhone
		{DABEAD21-F9C1-4CE7-AC65-842BFEC65454}.AppStore|x86.ActiveCfg = AppStore|iPhone
		{DABEAD21-F9C1-4CE7-AC65-842BFEC65454}.Debug|Any CPU.ActiveCfg = Debug|iPhone
		{DABEAD21-F9C1-4CE7-AC65-842BFEC65454}.Debug|ARM.ActiveCfg = Debug|iPhone
		{DABEAD21-F9C1-4CE7-AC65-842BFEC65454}.Debug|iPhone.ActiveCfg = Debug|iPhone
		{DABEAD21-F9C1-4CE7-AC65-842BFEC65454}.Debug|iPhone.Build.0 = Debug|iPhone
		{DABEAD21-F9C1-4CE7-AC65-842BFEC65454}.Debug|iPhoneSimulator.ActiveCfg = Debug|iPhoneSimulator
		{DABEAD21-F9C1-4CE7-AC65-842BFEC65454}.Debug|iPhoneSimulator.Build.0 = Debug|iPhoneSimulator
		{DABEAD21-F9C1-4CE7-AC65-842BFEC65454}.Debug|x64.ActiveCfg = Debug|iPhone
		{DABEAD21-F9C1-4CE7-AC65-842BFEC65454}.Debug|x86.ActiveCfg = Debug|iPhone
		{DABEAD21-F9C1-4CE7-AC65-842BFEC65454}.Release|Any CPU.ActiveCfg = Release|iPhone
		{DABEAD21-F9C1-4CE7-AC65-842BFEC65454}.Release|ARM.ActiveCfg = Release|iPhone
		{DABEAD21-F9C1-4CE7-AC65-842BFEC65454}.Release|iPhone.ActiveCfg = Release|iPhone
		{DABEAD21-F9C1-4CE7-AC65-842BFEC65454}.Release|iPhone.Build.0 = Release|iPhone
		{DABEAD21-F9C1-4CE7-AC65-842BFEC65454}.Release|iPhoneSimulator.ActiveCfg = Release|iPhoneSimulator
		{DABEAD21-F9C1-4CE7-AC65-842BFEC65454}.Release|iPhoneSimulator.Build.0 = Release|iPhoneSimulator
		{DABEAD21-F9C1-4CE7-AC65-842BFEC65454}.Release|x64.ActiveCfg = Release|iPhone
		{DABEAD21-F9C1-4CE7-AC65-842BFEC65454}.Release|x86.ActiveCfg = Release|iPhone
		{18B27804-0521-4B0E-9C2F-97E2F2572E2B}.Ad-Hoc|Any CPU.ActiveCfg = Release|x86
		{18B27804-0521-4B0E-9C2F-97E2F2572E2B}.Ad-Hoc|Any CPU.Build.0 = Release|x86
		{18B27804-0521-4B0E-9C2F-97E2F2572E2B}.Ad-Hoc|Any CPU.Deploy.0 = Release|x86
		{18B27804-0521-4B0E-9C2F-97E2F2572E2B}.Ad-Hoc|ARM.ActiveCfg = Release|ARM
		{18B27804-0521-4B0E-9C2F-97E2F2572E2B}.Ad-Hoc|ARM.Build.0 = Release|ARM
		{18B27804-0521-4B0E-9C2F-97E2F2572E2B}.Ad-Hoc|ARM.Deploy.0 = Release|ARM
		{18B27804-0521-4B0E-9C2F-97E2F2572E2B}.Ad-Hoc|iPhone.ActiveCfg = Release|x86
		{18B27804-0521-4B0E-9C2F-97E2F2572E2B}.Ad-Hoc|iPhone.Build.0 = Release|x86
		{18B27804-0521-4B0E-9C2F-97E2F2572E2B}.Ad-Hoc|iPhone.Deploy.0 = Release|x86
		{18B27804-0521-4B0E-9C2F-97E2F2572E2B}.Ad-Hoc|iPhoneSimulator.ActiveCfg = Release|x86
		{18B27804-0521-4B0E-9C2F-97E2F2572E2B}.Ad-Hoc|iPhoneSimulator.Build.0 = Release|x86
		{18B27804-0521-4B0E-9C2F-97E2F2572E2B}.Ad-Hoc|iPhoneSimulator.Deploy.0 = Release|x86
		{18B27804-0521-4B0E-9C2F-97E2F2572E2B}.Ad-Hoc|x64.ActiveCfg = Release|x64
		{18B27804-0521-4B0E-9C2F-97E2F2572E2B}.Ad-Hoc|x64.Build.0 = Release|x64
		{18B27804-0521-4B0E-9C2F-97E2F2572E2B}.Ad-Hoc|x64.Deploy.0 = Release|x64
		{18B27804-0521-4B0E-9C2F-97E2F2572E2B}.Ad-Hoc|x86.ActiveCfg = Release|x86
		{18B27804-0521-4B0E-9C2F-97E2F2572E2B}.Ad-Hoc|x86.Build.0 = Release|x86
		{18B27804-0521-4B0E-9C2F-97E2F2572E2B}.Ad-Hoc|x86.Deploy.0 = Release|x86
		{18B27804-0521-4B0E-9C2F-97E2F2572E2B}.AppStore|Any CPU.ActiveCfg = Release|x86
		{18B27804-0521-4B0E-9C2F-97E2F2572E2B}.AppStore|Any CPU.Build.0 = Release|x86
		{18B27804-0521-4B0E-9C2F-97E2F2572E2B}.AppStore|Any CPU.Deploy.0 = Release|x86
		{18B27804-0521-4B0E-9C2F-97E2F2572E2B}.AppStore|ARM.ActiveCfg = Release|ARM
		{18B27804-0521-4B0E-9C2F-97E2F2572E2B}.AppStore|ARM.Build.0 = Release|ARM
		{18B27804-0521-4B0E-9C2F-97E2F2572E2B}.AppStore|ARM.Deploy.0 = Release|ARM
		{18B27804-0521-4B0E-9C2F-97E2F2572E2B}.AppStore|iPhone.ActiveCfg = Release|x86
		{18B27804-0521-4B0E-9C2F-97E2F2572E2B}.AppStore|iPhone.Build.0 = Release|x86
		{18B27804-0521-4B0E-9C2F-97E2F2572E2B}.AppStore|iPhone.Deploy.0 = Release|x86
		{18B27804-0521-4B0E-9C2F-97E2F2572E2B}.AppStore|iPhoneSimulator.ActiveCfg = Release|x86
		{18B27804-0521-4B0E-9C2F-97E2F2572E2B}.AppStore|iPhoneSimulator.Build.0 = Release|x86
		{18B27804-0521-4B0E-9C2F-97E2F2572E2B}.AppStore|iPhoneSimulator.Deploy.0 = Release|x86
		{18B27804-0521-4B0E-9C2F-97E2F2572E2B}.AppStore|x64.ActiveCfg = Release|x64
		{18B27804-0521-4B0E-9C2F-97E2F2572E2B}.AppStore|x64.Build.0 = Release|x64
		{18B27804-0521-4B0E-9C2F-97E2F2572E2B}.AppStore|x64.Deploy.0 = Release|x64
		{18B27804-0521-4B0E-9C2F-97E2F2572E2B}.AppStore|x86.ActiveCfg = Release|x86
		{18B27804-0521-4B0E-9C2F-97E2F2572E2B}.AppStore|x86.Build.0 = Release|x86
		{18B27804-0521-4B0E-9C2F-97E2F2572E2B}.AppStore|x86.Deploy.0 = Release|x86
		{18B27804-0521-4B0E-9C2F-97E2F2572E2B}.Debug|Any CPU.ActiveCfg = Debug|x86
		{18B27804-0521-4B0E-9C2F-97E2F2572E2B}.Debug|ARM.ActiveCfg = Debug|ARM
		{18B27804-0521-4B0E-9C2F-97E2F2572E2B}.Debug|ARM.Build.0 = Debug|ARM
		{18B27804-0521-4B0E-9C2F-97E2F2572E2B}.Debug|ARM.Deploy.0 = Debug|ARM
		{18B27804-0521-4B0E-9C2F-97E2F2572E2B}.Debug|iPhone.ActiveCfg = Debug|x86
		{18B27804-0521-4B0E-9C2F-97E2F2572E2B}.Debug|iPhoneSimulator.ActiveCfg = Debug|x86
		{18B27804-0521-4B0E-9C2F-97E2F2572E2B}.Debug|x64.ActiveCfg = Debug|x64
		{18B27804-0521-4B0E-9C2F-97E2F2572E2B}.Debug|x64.Build.0 = Debug|x64
		{18B27804-0521-4B0E-9C2F-97E2F2572E2B}.Debug|x64.Deploy.0 = Debug|x64
		{18B27804-0521-4B0E-9C2F-97E2F2572E2B}.Debug|x86.ActiveCfg = Debug|x86
		{18B27804-0521-4B0E-9C2F-97E2F2572E2B}.Debug|x86.Build.0 = Debug|x86
		{18B27804-0521-4B0E-9C2F-97E2F2572E2B}.Debug|x86.Deploy.0 = Debug|x86
		{18B27804-0521-4B0E-9C2F-97E2F2572E2B}.Release|Any CPU.ActiveCfg = Release|x86
		{18B27804-0521-4B0E-9C2F-97E2F2572E2B}.Release|ARM.ActiveCfg = Release|ARM
		{18B27804-0521-4B0E-9C2F-97E2F2572E2B}.Release|ARM.Build.0 = Release|ARM
		{18B27804-0521-4B0E-9C2F-97E2F2572E2B}.Release|ARM.Deploy.0 = Release|ARM
		{18B27804-0521-4B0E-9C2F-97E2F2572E2B}.Release|iPhone.ActiveCfg = Release|x86
		{18B27804-0521-4B0E-9C2F-97E2F2572E2B}.Release|iPhoneSimulator.ActiveCfg = Release|x86
		{18B27804-0521-4B0E-9C2F-97E2F2572E2B}.Release|x64.ActiveCfg = Release|x64
		{18B27804-0521-4B0E-9C2F-97E2F2572E2B}.Release|x64.Build.0 = Release|x64
		{18B27804-0521-4B0E-9C2F-97E2F2572E2B}.Release|x64.Deploy.0 = Release|x64
		{18B27804-0521-4B0E-9C2F-97E2F2572E2B}.Release|x86.ActiveCfg = Release|x86
		{18B27804-0521-4B0E-9C2F-97E2F2572E2B}.Release|x86.Build.0 = Release|x86
		{18B27804-0521-4B0E-9C2F-97E2F2572E2B}.Release|x86.Deploy.0 = Release|x86
		{20FDA6ED-B68E-4610-807B-F358668F181E}.Ad-Hoc|Any CPU.ActiveCfg = Release|Any CPU
		{20FDA6ED-B68E-4610-807B-F358668F181E}.Ad-Hoc|Any CPU.Build.0 = Release|Any CPU
		{20FDA6ED-B68E-4610-807B-F358668F181E}.Ad-Hoc|Any CPU.Deploy.0 = Release|Any CPU
		{20FDA6ED-B68E-4610-807B-F358668F181E}.Ad-Hoc|ARM.ActiveCfg = Release|Any CPU
		{20FDA6ED-B68E-4610-807B-F358668F181E}.Ad-Hoc|ARM.Build.0 = Release|Any CPU
		{20FDA6ED-B68E-4610-807B-F358668F181E}.Ad-Hoc|ARM.Deploy.0 = Release|Any CPU
		{20FDA6ED-B68E-4610-807B-F358668F181E}.Ad-Hoc|iPhone.ActiveCfg = Release|Any CPU
		{20FDA6ED-B68E-4610-807B-F358668F181E}.Ad-Hoc|iPhone.Build.0 = Release|Any CPU
		{20FDA6ED-B68E-4610-807B-F358668F181E}.Ad-Hoc|iPhone.Deploy.0 = Release|Any CPU
		{20FDA6ED-B68E-4610-807B-F358668F181E}.Ad-Hoc|iPhoneSimulator.ActiveCfg = Release|Any CPU
		{20FDA6ED-B68E-4610-807B-F358668F181E}.Ad-Hoc|iPhoneSimulator.Build.0 = Release|Any CPU
		{20FDA6ED-B68E-4610-807B-F358668F181E}.Ad-Hoc|iPhoneSimulator.Deploy.0 = Release|Any CPU
		{20FDA6ED-B68E-4610-807B-F358668F181E}.Ad-Hoc|x64.ActiveCfg = Release|Any CPU
		{20FDA6ED-B68E-4610-807B-F358668F181E}.Ad-Hoc|x64.Build.0 = Release|Any CPU
		{20FDA6ED-B68E-4610-807B-F358668F181E}.Ad-Hoc|x64.Deploy.0 = Release|Any CPU
		{20FDA6ED-B68E-4610-807B-F358668F181E}.Ad-Hoc|x86.ActiveCfg = Release|Any CPU
		{20FDA6ED-B68E-4610-807B-F358668F181E}.Ad-Hoc|x86.Build.0 = Release|Any CPU
		{20FDA6ED-B68E-4610-807B-F358668F181E}.Ad-Hoc|x86.Deploy.0 = Release|Any CPU
		{20FDA6ED-B68E-4610-807B-F358668F181E}.AppStore|Any CPU.ActiveCfg = Release|Any CPU
		{20FDA6ED-B68E-4610-807B-F358668F181E}.AppStore|Any CPU.Build.0 = Release|Any CPU
		{20FDA6ED-B68E-4610-807B-F358668F181E}.AppStore|Any CPU.Deploy.0 = Release|Any CPU
		{20FDA6ED-B68E-4610-807B-F358668F181E}.AppStore|ARM.ActiveCfg = Release|Any CPU
		{20FDA6ED-B68E-4610-807B-F358668F181E}.AppStore|ARM.Build.0 = Release|Any CPU
		{20FDA6ED-B68E-4610-807B-F358668F181E}.AppStore|ARM.Deploy.0 = Release|Any CPU
		{20FDA6ED-B68E-4610-807B-F358668F181E}.AppStore|iPhone.ActiveCfg = Release|Any CPU
		{20FDA6ED-B68E-4610-807B-F358668F181E}.AppStore|iPhone.Build.0 = Release|Any CPU
		{20FDA6ED-B68E-4610-807B-F358668F181E}.AppStore|iPhone.Deploy.0 = Release|Any CPU
		{20FDA6ED-B68E-4610-807B-F358668F181E}.AppStore|iPhoneSimulator.ActiveCfg = Release|Any CPU
		{20FDA6ED-B68E-4610-807B-F358668F181E}.AppStore|iPhoneSimulator.Build.0 = Release|Any CPU
		{20FDA6ED-B68E-4610-807B-F358668F181E}.AppStore|iPhoneSimulator.Deploy.0 = Release|Any CPU
		{20FDA6ED-B68E-4610-807B-F358668F181E}.AppStore|x64.ActiveCfg = Release|Any CPU
		{20FDA6ED-B68E-4610-807B-F358668F181E}.AppStore|x64.Build.0 = Release|Any CPU
		{20FDA6ED-B68E-4610-807B-F358668F181E}.AppStore|x64.Deploy.0 = Release|Any CPU
		{20FDA6ED-B68E-4610-807B-F358668F181E}.AppStore|x86.ActiveCfg = Release|Any CPU
		{20FDA6ED-B68E-4610-807B-F358668F181E}.AppStore|x86.Build.0 = Release|Any CPU
		{20FDA6ED-B68E-4610-807B-F358668F181E}.AppStore|x86.Deploy.0 = Release|Any CPU
		{20FDA6ED-B68E-4610-807B-F358668F181E}.Debug|Any CPU.ActiveCfg = Debug|Any CPU
		{20FDA6ED-B68E-4610-807B-F358668F181E}.Debug|Any CPU.Build.0 = Debug|Any CPU
		{20FDA6ED-B68E-4610-807B-F358668F181E}.Debug|Any CPU.Deploy.0 = Debug|Any CPU
		{20FDA6ED-B68E-4610-807B-F358668F181E}.Debug|ARM.ActiveCfg = Debug|Any CPU
		{20FDA6ED-B68E-4610-807B-F358668F181E}.Debug|ARM.Build.0 = Debug|Any CPU
		{20FDA6ED-B68E-4610-807B-F358668F181E}.Debug|ARM.Deploy.0 = Debug|Any CPU
		{20FDA6ED-B68E-4610-807B-F358668F181E}.Debug|iPhone.ActiveCfg = Debug|Any CPU
		{20FDA6ED-B68E-4610-807B-F358668F181E}.Debug|iPhone.Build.0 = Debug|Any CPU
		{20FDA6ED-B68E-4610-807B-F358668F181E}.Debug|iPhone.Deploy.0 = Debug|Any CPU
		{20FDA6ED-B68E-4610-807B-F358668F181E}.Debug|iPhoneSimulator.ActiveCfg = Debug|Any CPU
		{20FDA6ED-B68E-4610-807B-F358668F181E}.Debug|iPhoneSimulator.Build.0 = Debug|Any CPU
		{20FDA6ED-B68E-4610-807B-F358668F181E}.Debug|iPhoneSimulator.Deploy.0 = Debug|Any CPU
		{20FDA6ED-B68E-4610-807B-F358668F181E}.Debug|x64.ActiveCfg = Debug|Any CPU
		{20FDA6ED-B68E-4610-807B-F358668F181E}.Debug|x64.Build.0 = Debug|Any CPU
		{20FDA6ED-B68E-4610-807B-F358668F181E}.Debug|x64.Deploy.0 = Debug|Any CPU
		{20FDA6ED-B68E-4610-807B-F358668F181E}.Debug|x86.ActiveCfg = Debug|Any CPU
		{20FDA6ED-B68E-4610-807B-F358668F181E}.Debug|x86.Build.0 = Debug|Any CPU
		{20FDA6ED-B68E-4610-807B-F358668F181E}.Debug|x86.Deploy.0 = Debug|Any CPU
		{20FDA6ED-B68E-4610-807B-F358668F181E}.Release|Any CPU.ActiveCfg = Release|Any CPU
		{20FDA6ED-B68E-4610-807B-F358668F181E}.Release|Any CPU.Build.0 = Release|Any CPU
		{20FDA6ED-B68E-4610-807B-F358668F181E}.Release|Any CPU.Deploy.0 = Release|Any CPU
		{20FDA6ED-B68E-4610-807B-F358668F181E}.Release|ARM.ActiveCfg = Release|Any CPU
		{20FDA6ED-B68E-4610-807B-F358668F181E}.Release|ARM.Build.0 = Release|Any CPU
		{20FDA6ED-B68E-4610-807B-F358668F181E}.Release|ARM.Deploy.0 = Release|Any CPU
		{20FDA6ED-B68E-4610-807B-F358668F181E}.Release|iPhone.ActiveCfg = Release|Any CPU
		{20FDA6ED-B68E-4610-807B-F358668F181E}.Release|iPhone.Build.0 = Release|Any CPU
		{20FDA6ED-B68E-4610-807B-F358668F181E}.Release|iPhone.Deploy.0 = Release|Any CPU
		{20FDA6ED-B68E-4610-807B-F358668F181E}.Release|iPhoneSimulator.ActiveCfg = Release|Any CPU
		{20FDA6ED-B68E-4610-807B-F358668F181E}.Release|iPhoneSimulator.Build.0 = Release|Any CPU
		{20FDA6ED-B68E-4610-807B-F358668F181E}.Release|iPhoneSimulator.Deploy.0 = Release|Any CPU
		{20FDA6ED-B68E-4610-807B-F358668F181E}.Release|x64.ActiveCfg = Release|Any CPU
		{20FDA6ED-B68E-4610-807B-F358668F181E}.Release|x64.Build.0 = Release|Any CPU
		{20FDA6ED-B68E-4610-807B-F358668F181E}.Release|x64.Deploy.0 = Release|Any CPU
		{20FDA6ED-B68E-4610-807B-F358668F181E}.Release|x86.ActiveCfg = Release|Any CPU
		{20FDA6ED-B68E-4610-807B-F358668F181E}.Release|x86.Build.0 = Release|Any CPU
		{20FDA6ED-B68E-4610-807B-F358668F181E}.Release|x86.Deploy.0 = Release|Any CPU
		{B445DF73-AC9E-4276-9FBA-7CB5AD5D2518}.Ad-Hoc|Any CPU.ActiveCfg = Release|Any CPU
		{B445DF73-AC9E-4276-9FBA-7CB5AD5D2518}.Ad-Hoc|Any CPU.Build.0 = Release|Any CPU
		{B445DF73-AC9E-4276-9FBA-7CB5AD5D2518}.Ad-Hoc|ARM.ActiveCfg = Release|Any CPU
		{B445DF73-AC9E-4276-9FBA-7CB5AD5D2518}.Ad-Hoc|ARM.Build.0 = Release|Any CPU
		{B445DF73-AC9E-4276-9FBA-7CB5AD5D2518}.Ad-Hoc|iPhone.ActiveCfg = Release|Any CPU
		{B445DF73-AC9E-4276-9FBA-7CB5AD5D2518}.Ad-Hoc|iPhone.Build.0 = Release|Any CPU
		{B445DF73-AC9E-4276-9FBA-7CB5AD5D2518}.Ad-Hoc|iPhoneSimulator.ActiveCfg = Release|Any CPU
		{B445DF73-AC9E-4276-9FBA-7CB5AD5D2518}.Ad-Hoc|iPhoneSimulator.Build.0 = Release|Any CPU
		{B445DF73-AC9E-4276-9FBA-7CB5AD5D2518}.Ad-Hoc|x64.ActiveCfg = Release|Any CPU
		{B445DF73-AC9E-4276-9FBA-7CB5AD5D2518}.Ad-Hoc|x64.Build.0 = Release|Any CPU
		{B445DF73-AC9E-4276-9FBA-7CB5AD5D2518}.Ad-Hoc|x86.ActiveCfg = Release|Any CPU
		{B445DF73-AC9E-4276-9FBA-7CB5AD5D2518}.Ad-Hoc|x86.Build.0 = Release|Any CPU
		{B445DF73-AC9E-4276-9FBA-7CB5AD5D2518}.AppStore|Any CPU.ActiveCfg = Release|Any CPU
		{B445DF73-AC9E-4276-9FBA-7CB5AD5D2518}.AppStore|Any CPU.Build.0 = Release|Any CPU
		{B445DF73-AC9E-4276-9FBA-7CB5AD5D2518}.AppStore|ARM.ActiveCfg = Release|Any CPU
		{B445DF73-AC9E-4276-9FBA-7CB5AD5D2518}.AppStore|ARM.Build.0 = Release|Any CPU
		{B445DF73-AC9E-4276-9FBA-7CB5AD5D2518}.AppStore|iPhone.ActiveCfg = Release|Any CPU
		{B445DF73-AC9E-4276-9FBA-7CB5AD5D2518}.AppStore|iPhone.Build.0 = Release|Any CPU
		{B445DF73-AC9E-4276-9FBA-7CB5AD5D2518}.AppStore|iPhoneSimulator.ActiveCfg = Release|Any CPU
		{B445DF73-AC9E-4276-9FBA-7CB5AD5D2518}.AppStore|iPhoneSimulator.Build.0 = Release|Any CPU
		{B445DF73-AC9E-4276-9FBA-7CB5AD5D2518}.AppStore|x64.ActiveCfg = Release|Any CPU
		{B445DF73-AC9E-4276-9FBA-7CB5AD5D2518}.AppStore|x64.Build.0 = Release|Any CPU
		{B445DF73-AC9E-4276-9FBA-7CB5AD5D2518}.AppStore|x86.ActiveCfg = Release|Any CPU
		{B445DF73-AC9E-4276-9FBA-7CB5AD5D2518}.AppStore|x86.Build.0 = Release|Any CPU
		{B445DF73-AC9E-4276-9FBA-7CB5AD5D2518}.Debug|Any CPU.ActiveCfg = Debug|Any CPU
		{B445DF73-AC9E-4276-9FBA-7CB5AD5D2518}.Debug|Any CPU.Build.0 = Debug|Any CPU
		{B445DF73-AC9E-4276-9FBA-7CB5AD5D2518}.Debug|ARM.ActiveCfg = Debug|Any CPU
		{B445DF73-AC9E-4276-9FBA-7CB5AD5D2518}.Debug|ARM.Build.0 = Debug|Any CPU
		{B445DF73-AC9E-4276-9FBA-7CB5AD5D2518}.Debug|iPhone.ActiveCfg = Debug|Any CPU
		{B445DF73-AC9E-4276-9FBA-7CB5AD5D2518}.Debug|iPhone.Build.0 = Debug|Any CPU
		{B445DF73-AC9E-4276-9FBA-7CB5AD5D2518}.Debug|iPhoneSimulator.ActiveCfg = Debug|Any CPU
		{B445DF73-AC9E-4276-9FBA-7CB5AD5D2518}.Debug|iPhoneSimulator.Build.0 = Debug|Any CPU
		{B445DF73-AC9E-4276-9FBA-7CB5AD5D2518}.Debug|x64.ActiveCfg = Debug|Any CPU
		{B445DF73-AC9E-4276-9FBA-7CB5AD5D2518}.Debug|x64.Build.0 = Debug|Any CPU
		{B445DF73-AC9E-4276-9FBA-7CB5AD5D2518}.Debug|x86.ActiveCfg = Debug|Any CPU
		{B445DF73-AC9E-4276-9FBA-7CB5AD5D2518}.Debug|x86.Build.0 = Debug|Any CPU
		{B445DF73-AC9E-4276-9FBA-7CB5AD5D2518}.Release|Any CPU.ActiveCfg = Release|Any CPU
		{B445DF73-AC9E-4276-9FBA-7CB5AD5D2518}.Release|Any CPU.Build.0 = Release|Any CPU
		{B445DF73-AC9E-4276-9FBA-7CB5AD5D2518}.Release|ARM.ActiveCfg = Release|Any CPU
		{B445DF73-AC9E-4276-9FBA-7CB5AD5D2518}.Release|ARM.Build.0 = Release|Any CPU
		{B445DF73-AC9E-4276-9FBA-7CB5AD5D2518}.Release|iPhone.ActiveCfg = Release|Any CPU
		{B445DF73-AC9E-4276-9FBA-7CB5AD5D2518}.Release|iPhone.Build.0 = Release|Any CPU
		{B445DF73-AC9E-4276-9FBA-7CB5AD5D2518}.Release|iPhoneSimulator.ActiveCfg = Release|Any CPU
		{B445DF73-AC9E-4276-9FBA-7CB5AD5D2518}.Release|iPhoneSimulator.Build.0 = Release|Any CPU
		{B445DF73-AC9E-4276-9FBA-7CB5AD5D2518}.Release|x64.ActiveCfg = Release|Any CPU
		{B445DF73-AC9E-4276-9FBA-7CB5AD5D2518}.Release|x64.Build.0 = Release|Any CPU
		{B445DF73-AC9E-4276-9FBA-7CB5AD5D2518}.Release|x86.ActiveCfg = Release|Any CPU
		{B445DF73-AC9E-4276-9FBA-7CB5AD5D2518}.Release|x86.Build.0 = Release|Any CPU
	EndGlobalSection
	GlobalSection(SolutionProperties) = preSolution
		HideSolutionNode = FALSE
	EndGlobalSection
	GlobalSection(ExtensibilityGlobals) = postSolution
		SolutionGuid = {F6D05029-56B8-4E45-AF2D-0E76295DDBA2}
	EndGlobalSection
EndGlobal
